<?xml version="1.0" encoding="utf-8"?>
<Project xmlns="http://schemas.microsoft.com/developer/msbuild/2003">
  <ItemGroup>
    <Filter Include="Form Files">
      <UniqueIdentifier>{99349809-55BA-4b9d-BF79-8FDBB0286EB3}</UniqueIdentifier>
      <Extensions>ui</Extensions>
      <ParseFiles>false</ParseFiles>
    </Filter>
    <Filter Include="Form Files">
      <UniqueIdentifier>{99349809-55BA-4b9d-BF79-8FDBB0286EB3}</UniqueIdentifier>
      <Extensions>ui</Extensions>
      <ParseFiles>false</ParseFiles>
    </Filter>
    <Filter Include="Generated Files">
      <UniqueIdentifier>{71ED8ED8-ACB9-4CE9-BBE1-E00B30144E11}</UniqueIdentifier>
      <Extensions>cpp;c;cxx;moc;h;def;odl;idl;res;</Extensions>
    </Filter>
    <Filter Include="Generated Files">
      <UniqueIdentifier>{71ED8ED8-ACB9-4CE9-BBE1-E00B30144E11}</UniqueIdentifier>
      <Extensions>cpp;c;cxx;moc;h;def;odl;idl;res;</Extensions>
    </Filter>
    <Filter Include="Header Files">
      <UniqueIdentifier>{93995380-89BD-4b04-88EB-625FBE52EBFB}</UniqueIdentifier>
      <Extensions>h;hpp;hxx;hm;inl;inc;xsd</Extensions>
    </Filter>
    <Filter Include="Header Files">
      <UniqueIdentifier>{93995380-89BD-4b04-88EB-625FBE52EBFB}</UniqueIdentifier>
      <Extensions>h;hpp;hxx;hm;inl;inc;xsd</Extensions>
    </Filter>
    <Filter Include="Resource Files">
      <UniqueIdentifier>{D9D6E242-F8AF-46E4-B9FD-80ECBC20BA3E}</UniqueIdentifier>
      <Extensions>qrc;*</Extensions>
      <ParseFiles>false</ParseFiles>
    </Filter>
    <Filter Include="Resource Files">
      <UniqueIdentifier>{D9D6E242-F8AF-46E4-B9FD-80ECBC20BA3E}</UniqueIdentifier>
      <Extensions>qrc;*</Extensions>
      <ParseFiles>false</ParseFiles>
    </Filter>
    <Filter Include="Source Files">
      <UniqueIdentifier>{4FC737F1-C7A5-4376-A066-2A32D752A2FF}</UniqueIdentifier>
      <Extensions>cpp;c;cxx;def;odl;idl;hpj;bat;asm;asmx</Extensions>
    </Filter>
    <Filter Include="Source Files">
      <UniqueIdentifier>{4FC737F1-C7A5-4376-A066-2A32D752A2FF}</UniqueIdentifier>
      <Extensions>cpp;c;cxx;def;odl;idl;hpj;bat;asm;asmx</Extensions>
    </Filter>
    <Filter Include="Translation Files">
      <UniqueIdentifier>{639EADAA-A684-42e4-A9AD-28FC9BCB8F7C}</UniqueIdentifier>
      <Extensions>ts;xlf</Extensions>
      <ParseFiles>false</ParseFiles>
    </Filter>
    <Filter Include="Translation Files">
      <UniqueIdentifier>{639EADAA-A684-42e4-A9AD-28FC9BCB8F7C}</UniqueIdentifier>
      <Extensions>ts;xlf</Extensions>
      <ParseFiles>false</ParseFiles>
    </Filter>
    <Filter Include="Resource Files\web">
      <UniqueIdentifier>{faf8f8a4-eb67-49df-a082-2fd64189e62c}</UniqueIdentifier>
    </Filter>
  </ItemGroup>
  <ItemGroup>
    <ClCompile Include="aboutdialog.cpp">
      <Filter>Source Files</Filter>
    </ClCompile>
    <ClCompile Include="deleteaccountdialog.cpp">
      <Filter>Source Files</Filter>
    </ClCompile>
    <ClCompile Include="globalsystemtray.cpp">
      <Filter>Source Files</Filter>
    </ClCompile>
    <ClCompile Include="idlabel.cpp">
      <Filter>Source Files</Filter>
    </ClCompile>
    <ClCompile Include="main.cpp">
      <Filter>Source Files</Filter>
    </ClCompile>
    <ClCompile Include="mainwindow.cpp">
      <Filter>Source Files</Filter>
    </ClCompile>
    <ClCompile Include="navwidget.cpp">
      <Filter>Source Files</Filter>
    </ClCompile>
    <ClCompile Include="photoboothwidget.cpp">
      <Filter>Source Files</Filter>
    </ClCompile>
    <ClCompile Include="pixbufmanipulator.cpp">
      <Filter>Source Files</Filter>
    </ClCompile>
    <ClCompile Include="ringbutton.cpp">
      <Filter>Source Files</Filter>
    </ClCompile>
    <ClCompile Include="ringcontactlineedit.cpp">
      <Filter>Source Files</Filter>
    </ClCompile>
    <ClCompile Include="selectareadialog.cpp">
      <Filter>Source Files</Filter>
    </ClCompile>
    <ClCompile Include="utils.cpp">
      <Filter>Source Files</Filter>
    </ClCompile>
    <ClCompile Include="videooverlay.cpp">
      <Filter>Source Files</Filter>
    </ClCompile>
    <ClCompile Include="videoview.cpp">
      <Filter>Source Files</Filter>
    </ClCompile>
    <ClCompile Include="smartlistview.cpp">
      <Filter>Source Files</Filter>
    </ClCompile>
    <ClCompile Include="smartlistmodel.cpp">
      <Filter>Source Files</Filter>
    </ClCompile>
    <ClCompile Include="accountlistmodel.cpp">
      <Filter>Source Files</Filter>
    </ClCompile>
    <ClCompile Include="accountitemdelegate.cpp">
      <Filter>Source Files</Filter>
    </ClCompile>
    <ClCompile Include="callwidget.cpp">
      <Filter>Source Files</Filter>
    </ClCompile>
    <ClCompile Include="conversationitemdelegate.cpp">
      <Filter>Source Files</Filter>
    </ClCompile>
    <ClCompile Include="conversationsfilterwidget.cpp">
      <Filter>Source Files</Filter>
    </ClCompile>
    <ClCompile Include="smartlistselectorbuttonnotifier.cpp">
      <Filter>Source Files</Filter>
    </ClCompile>
    <ClCompile Include="invitebuttonswidget.cpp">
      <Filter>Source Files</Filter>
    </ClCompile>
    <ClCompile Include="currentaccountcombobox.cpp">
      <Filter>Source Files</Filter>
    </ClCompile>
    <ClCompile Include="messagewebview.cpp">
      <Filter>Source Files</Filter>
    </ClCompile>
    <ClCompile Include="messagewebpage.cpp">
      <Filter>Source Files</Filter>
    </ClCompile>
    <ClCompile Include="webchathelpers.cpp">
      <Filter>Source Files</Filter>
    </ClCompile>
    <ClCompile Include="animationhelpers.cpp">
      <Filter>Source Files</Filter>
    </ClCompile>
    <ClCompile Include="settingswidget.cpp">
      <Filter>Source Files</Filter>
    </ClCompile>
    <ClCompile Include="passworddialog.cpp">
      <Filter>Source Files</Filter>
    </ClCompile>
    <ClCompile Include="advancedsettingswidget.cpp">
      <Filter>Source Files</Filter>
    </ClCompile>
    <ClCompile Include="avatargraphicsview.cpp">
      <Filter>Source Files</Filter>
    </ClCompile>
    <ClCompile Include="accountlistmodel.cpp">
      <Filter>Source Files</Filter>
    </ClCompile>
    <ClCompile Include="bannedlistmodel.cpp">
      <Filter>Source Files</Filter>
    </ClCompile>
    <ClCompile Include="newwizardwidget.cpp">
      <Filter>Source Files</Filter>
    </ClCompile>
    <ClCompile Include="runguard.cpp">
      <Filter>Source Files</Filter>
    </ClCompile>
    <ClCompile Include="bezierconnectorwidget.cpp">
      <Filter>Source Files</Filter>
    </ClCompile>
    <ClCompile Include="advancedsipsettingwidget.cpp">
      <Filter>Source Files</Filter>
    </ClCompile>
    <ClCompile Include="nameregistrationdialog.cpp">
      <Filter>Source Files</Filter>
    </ClCompile>
    <ClCompile Include="toggleswitch.cpp">
      <Filter>Source Files</Filter>
    </ClCompile>
    <ClCompile Include="iconbutton.cpp">
      <Filter>Source Files</Filter>
    </ClCompile>
    <ClCompile Include="deviceitemwidget.cpp">
      <Filter>Source Files</Filter>
    </ClCompile>
    <ClCompile Include="banneditemwidget.cpp">
      <Filter>Source Files</Filter>
    </ClCompile>
    <ClCompile Include="linkdevicedialog.cpp">
      <Filter>Source Files</Filter>
    </ClCompile>
    <ClCompile Include="updateconfirmdialog.cpp">
      <Filter>Source Files</Filter>
    </ClCompile>
    <ClCompile Include="updatedownloaddialog.cpp">
      <Filter>Source Files</Filter>
    </ClCompile>
    <ClCompile Include="contactpicker.cpp">
      <Filter>Source Files</Filter>
    </ClCompile>
    <ClCompile Include="contactpickeritemdelegate.cpp">
      <Filter>Source Files</Filter>
    </ClCompile>
    <ClCompile Include="splashscreen.cpp">
      <Filter>Source Files</Filter>
    </ClCompile>
    <ClCompile Include="levelmeter.cpp">
      <Filter>Source Files</Filter>
    </ClCompile>
    <ClCompile Include="callaudioonlyavataroverlay.cpp">
      <Filter>Source Files</Filter>
    </ClCompile>
    <ClCompile Include="sipinputpanel.cpp">
      <Filter>Source Files</Filter>
    </ClCompile>
    <ClCompile Include="overlaybutton.cpp">
      <Filter>Source Files</Filter>
    </ClCompile>
    <ClCompile Include="accountmigrationdialog.cpp">
      <Filter>Source Files</Filter>
    </ClCompile>
    <ClCompile Include="connectivitymonitor.cpp">
      <Filter>Source Files</Filter>
    </ClCompile>
    <ClCompile Include="rendermanager.cpp">
      <Filter>Source Files</Filter>
    </ClCompile>
    <ClCompile Include="previewwidget.cpp">
      <Filter>Source Files</Filter>
    </ClCompile>
    <ClCompile Include="networkmanager.cpp">
      <Filter>Source Files</Filter>
    </ClCompile>
    <ClCompile Include="videowidgetbase.cpp">
      <Filter>Source Files</Filter>
    </ClCompile>
    <ClCompile Include="distantwidget.cpp">
      <Filter>Source Files</Filter>
    </ClCompile>
    <ClCompile Include="section.cpp">
      <Filter>Source Files</Filter>
    </ClCompile>
    <ClCompile Include="collapsiblepasswordwidget.cpp">
      <Filter>Source Files</Filter>
    </ClCompile>
    <ClCompile Include="notifypushbutton.cpp">
      <Filter>Source Files</Filter>
    </ClCompile>
    <ClCompile Include="widgethelpers.cpp">
      <Filter>Source Files</Filter>
    </ClCompile>
    <ClCompile Include="popupdialog.cpp">
      <Filter>Source Files</Filter>
    </ClCompile>
    <ClCompile Include="recordoverlay.cpp">
      <Filter>Source Files</Filter>
    </ClCompile>
    <ClCompile Include="recordwidget.cpp">
      <Filter>Source Files</Filter>
    </ClCompile>
    <ClCompile Include="changelogscrollwidget.cpp">
      <Filter>Source Files</Filter>
    </ClCompile>
  </ItemGroup>
  <ItemGroup>
    <QtMoc Include="aboutdialog.h">
      <Filter>Header Files</Filter>
    </QtMoc>
    <QtMoc Include="callwidget.h">
      <Filter>Header Files</Filter>
    </QtMoc>
    <QtMoc Include="deleteaccountdialog.h">
      <Filter>Header Files</Filter>
    </QtMoc>
    <QtMoc Include="globalsystemtray.h">
      <Filter>Header Files</Filter>
    </QtMoc>
    <QtMoc Include="idlabel.h">
      <Filter>Header Files</Filter>
    </QtMoc>
    <QtMoc Include="mainwindow.h">
      <Filter>Header Files</Filter>
    </QtMoc>
    <QtMoc Include="navwidget.h">
      <Filter>Header Files</Filter>
    </QtMoc>
    <QtMoc Include="photoboothwidget.h">
      <Filter>Header Files</Filter>
    </QtMoc>
    <ClInclude Include="pixbufmanipulator.h">
      <Filter>Header Files</Filter>
    </ClInclude>
    <QtMoc Include="ringbutton.h">
      <Filter>Header Files</Filter>
    </QtMoc>
    <QtMoc Include="ringcontactlineedit.h">
      <Filter>Header Files</Filter>
    </QtMoc>
    <ClInclude Include="ringthemeutils.h">
      <Filter>Header Files</Filter>
    </ClInclude>
    <QtMoc Include="selectareadialog.h">
      <Filter>Header Files</Filter>
    </QtMoc>
    <ClInclude Include="settingskey.h">
      <Filter>Header Files</Filter>
    </ClInclude>
    <ClInclude Include="utils.h">
      <Filter>Header Files</Filter>
    </ClInclude>
    <QtMoc Include="videooverlay.h">
      <Filter>Header Files</Filter>
    </QtMoc>
    <QtMoc Include="videoview.h">
      <Filter>Header Files</Filter>
    </QtMoc>
    <QtMoc Include="smartlistmodel.h">
      <Filter>Header Files</Filter>
    </QtMoc>
    <QtMoc Include="smartlistview.h">
      <Filter>Header Files</Filter>
    </QtMoc>
    <QtMoc Include="accountlistmodel.h">
      <Filter>Header Files</Filter>
    </QtMoc>
    <QtMoc Include="accountitemdelegate.h">
      <Filter>Header Files</Filter>
    </QtMoc>
    <QtMoc Include="conversationitemdelegate.h">
      <Filter>Header Files</Filter>
    </QtMoc>
    <QtMoc Include="conversationsfilterwidget.h">
      <Filter>Header Files</Filter>
    </QtMoc>
    <QtMoc Include="smartlistselectorbuttonnotifier.h">
      <Filter>Header Files</Filter>
    </QtMoc>
    <QtMoc Include="invitebuttonswidget.h">
      <Filter>Header Files</Filter>
    </QtMoc>
    <QtMoc Include="currentaccountcombobox.h">
      <Filter>Header Files</Filter>
    </QtMoc>
    <QtMoc Include="messagewebview.h">
      <Filter>Header Files</Filter>
    </QtMoc>
    <QtMoc Include="messagewebpage.h">
      <Filter>Header Files</Filter>
    </QtMoc>
    <QtMoc Include="animationhelpers.h">
      <Filter>Header Files</Filter>
    </QtMoc>
    <QtMoc Include="passworddialog.h">
      <Filter>Header Files</Filter>
    </QtMoc>
    <QtMoc Include="advancedsettingswidget.h">
      <Filter>Header Files</Filter>
    </QtMoc>
    <QtMoc Include="avatargraphicsview.h">
      <Filter>Header Files</Filter>
    </QtMoc>
    <QtMoc Include="bannedlistmodel.h">
      <Filter>Header Files</Filter>
    </QtMoc>
    <QtMoc Include="newwizardwidget.h">
      <Filter>Header Files</Filter>
    </QtMoc>
    <QtMoc Include="bezierconnectorwidget.h">
      <Filter>Header Files</Filter>
    </QtMoc>
    <QtMoc Include="lrcinstance.h">
      <Filter>Header Files</Filter>
    </QtMoc>
    <QtMoc Include="advancedsipsettingwidget.h">
      <Filter>Header Files</Filter>
    </QtMoc>
    <QtMoc Include="settingswidget.h">
      <Filter>Header Files</Filter>
    </QtMoc>
    <QtMoc Include="nameregistrationdialog.h">
      <Filter>Header Files</Filter>
    </QtMoc>
    <QtMoc Include="toggleswitch.h">
      <Filter>Header Files</Filter>
    </QtMoc>
    <QtMoc Include="iconbutton.h">
      <Filter>Header Files</Filter>
    </QtMoc>
    <QtMoc Include="deviceitemwidget.h">
      <Filter>Header Files</Filter>
    </QtMoc>
    <QtMoc Include="banneditemwidget.h">
      <Filter>Header Files</Filter>
    </QtMoc>
    <QtMoc Include="linkdevicedialog.h">
      <Filter>Header Files</Filter>
    </QtMoc>
    <QtMoc Include="updateconfirmdialog.h">
      <Filter>Header Files</Filter>
    </QtMoc>
    <QtMoc Include="updatedownloaddialog.h">
      <Filter>Header Files</Filter>
    </QtMoc>
    <QtMoc Include="runguard.h">
      <Filter>Header Files</Filter>
    </QtMoc>
    <QtMoc Include="contactpicker.h">
      <Filter>Header Files</Filter>
    </QtMoc>
    <QtMoc Include="contactpickeritemdelegate.h">
      <Filter>Header Files</Filter>
    </QtMoc>
    <QtMoc Include="levelmeter.h">
      <Filter>Header Files</Filter>
    </QtMoc>
    <QtMoc Include="callaudioonlyavataroverlay.h">
      <Filter>Header Files</Filter>
    </QtMoc>
    <QtMoc Include="splashscreen.h">
      <Filter>Generated Files</Filter>
    </QtMoc>
    <QtMoc Include="sipinputpanel.h">
      <Filter>Header Files</Filter>
    </QtMoc>
    <QtMoc Include="overlaybutton.h">
      <Filter>Header Files</Filter>
    </QtMoc>
    <QtMoc Include="accountmigrationdialog.h">
      <Filter>Header Files</Filter>
    </QtMoc>
    <QtMoc Include="connectivitymonitor.h">
      <Filter>Header Files</Filter>
    </QtMoc>
    <QtMoc Include="networkmanager.h">
      <Filter>Header Files</Filter>
    </QtMoc>
    <QtMoc Include="rendermanager.h">
      <Filter>Header Files</Filter>
    </QtMoc>
    <QtMoc Include="previewwidget.h">
      <Filter>Header Files</Filter>
    </QtMoc>
    <QtMoc Include="videowidgetbase.h">
      <Filter>Header Files</Filter>
    </QtMoc>
    <QtMoc Include="distantwidget.h">
      <Filter>Header Files</Filter>
    </QtMoc>
    <QtMoc Include="section.h">
      <Filter>Header Files</Filter>
    </QtMoc>
    <QtMoc Include="collapsiblepasswordwidget.h">
      <Filter>Header Files</Filter>
    </QtMoc>
    <QtMoc Include="notifypushbutton.h">
      <Filter>Header Files</Filter>
    </QtMoc>
    <QtMoc Include="widgethelpers.h">
      <Filter>Header Files</Filter>
    </QtMoc>
    <QtMoc Include="popupdialog.h">
      <Filter>Header Files</Filter>
    </QtMoc>
    <QtMoc Include="recordoverlay.h">
      <Filter>Header Files</Filter>
    </QtMoc>
    <QtMoc Include="recordwidget.h">
      <Filter>Header Files</Filter>
    </QtMoc>
    <QtMoc Include="changelogscrollwidget.h">
      <Filter>Header Files</Filter>
    </QtMoc>
  </ItemGroup>
  <ItemGroup>
    <CustomBuild Include="debug\moc_predefs.h.cbt">
      <Filter>Generated Files</Filter>
    </CustomBuild>
    <CustomBuild Include="release\moc_predefs.h.cbt">
      <Filter>Generated Files</Filter>
    </CustomBuild>
    <ClInclude Include="ui_aboutdialog.h">
      <Filter>Generated Files</Filter>
    </ClInclude>
    <ClInclude Include="ui_callwidget.h">
      <Filter>Generated Files</Filter>
    </ClInclude>
    <ClInclude Include="ui_deleteaccountdialog.h">
      <Filter>Generated Files</Filter>
    </ClInclude>
    <ClInclude Include="ui_mainwindow.h">
      <Filter>Generated Files</Filter>
    </ClInclude>
    <ClInclude Include="ui_photoboothwidget.h">
      <Filter>Generated Files</Filter>
    </ClInclude>
    <ClInclude Include="ui_ringbutton.h">
      <Filter>Generated Files</Filter>
    </ClInclude>
    <ClInclude Include="ui_videooverlay.h">
      <Filter>Generated Files</Filter>
    </ClInclude>
    <ClInclude Include="ui_videoview.h">
      <Filter>Generated Files</Filter>
    </ClInclude>
  </ItemGroup>
  <ItemGroup>
    <None Include="translations\ring_client_windows.ts">
      <Filter>Translation Files</Filter>
    </None>
    <None Include="translations\ring_client_windows_ar.ts">
      <Filter>Translation Files</Filter>
    </None>
    <None Include="translations\ring_client_windows_bg.ts">
      <Filter>Translation Files</Filter>
    </None>
    <None Include="translations\ring_client_windows_ca.ts">
      <Filter>Translation Files</Filter>
    </None>
    <None Include="translations\ring_client_windows_cs_CZ.ts">
      <Filter>Translation Files</Filter>
    </None>
    <None Include="translations\ring_client_windows_da_DK.ts">
      <Filter>Translation Files</Filter>
    </None>
    <None Include="translations\ring_client_windows_de.ts">
      <Filter>Translation Files</Filter>
    </None>
    <None Include="translations\ring_client_windows_de_DE.ts">
      <Filter>Translation Files</Filter>
    </None>
    <None Include="translations\ring_client_windows_el.ts">
      <Filter>Translation Files</Filter>
    </None>
    <None Include="translations\ring_client_windows_en_GB.ts">
      <Filter>Translation Files</Filter>
    </None>
    <None Include="translations\ring_client_windows_eo.ts">
      <Filter>Translation Files</Filter>
    </None>
    <None Include="translations\ring_client_windows_es.ts">
      <Filter>Translation Files</Filter>
    </None>
    <None Include="translations\ring_client_windows_es_AR.ts">
      <Filter>Translation Files</Filter>
    </None>
    <None Include="translations\ring_client_windows_et_EE.ts">
      <Filter>Translation Files</Filter>
    </None>
    <None Include="translations\ring_client_windows_eu.ts">
      <Filter>Translation Files</Filter>
    </None>
    <None Include="translations\ring_client_windows_fa_IR.ts">
      <Filter>Translation Files</Filter>
    </None>
    <None Include="translations\ring_client_windows_fi.ts">
      <Filter>Translation Files</Filter>
    </None>
    <None Include="translations\ring_client_windows_fr.ts">
      <Filter>Translation Files</Filter>
    </None>
    <None Include="translations\ring_client_windows_fr_CA.ts">
      <Filter>Translation Files</Filter>
    </None>
    <None Include="translations\ring_client_windows_fr_FR.ts">
      <Filter>Translation Files</Filter>
    </None>
    <None Include="translations\ring_client_windows_he.ts">
      <Filter>Translation Files</Filter>
    </None>
    <None Include="translations\ring_client_windows_hi_IN.ts">
      <Filter>Translation Files</Filter>
    </None>
    <None Include="translations\ring_client_windows_hr.ts">
      <Filter>Translation Files</Filter>
    </None>
    <None Include="translations\ring_client_windows_hu.ts">
      <Filter>Translation Files</Filter>
    </None>
    <None Include="translations\ring_client_windows_id.ts">
      <Filter>Translation Files</Filter>
    </None>
    <None Include="translations\ring_client_windows_it.ts">
      <Filter>Translation Files</Filter>
    </None>
    <None Include="translations\ring_client_windows_it_IT.ts">
      <Filter>Translation Files</Filter>
    </None>
    <None Include="translations\ring_client_windows_ja.ts">
      <Filter>Translation Files</Filter>
    </None>
    <None Include="translations\ring_client_windows_ko_KR.ts">
      <Filter>Translation Files</Filter>
    </None>
    <None Include="translations\ring_client_windows_lt.ts">
      <Filter>Translation Files</Filter>
    </None>
    <None Include="translations\ring_client_windows_ms.ts">
      <Filter>Translation Files</Filter>
    </None>
    <None Include="translations\ring_client_windows_nb.ts">
      <Filter>Translation Files</Filter>
    </None>
    <None Include="translations\ring_client_windows_nl.ts">
      <Filter>Translation Files</Filter>
    </None>
    <None Include="translations\ring_client_windows_nl_BE.ts">
      <Filter>Translation Files</Filter>
    </None>
    <None Include="translations\ring_client_windows_nl_NL.ts">
      <Filter>Translation Files</Filter>
    </None>
    <None Include="translations\ring_client_windows_pa.ts">
      <Filter>Translation Files</Filter>
    </None>
    <None Include="translations\ring_client_windows_pl.ts">
      <Filter>Translation Files</Filter>
    </None>
    <None Include="translations\ring_client_windows_pl_PL.ts">
      <Filter>Translation Files</Filter>
    </None>
    <None Include="translations\ring_client_windows_pt.ts">
      <Filter>Translation Files</Filter>
    </None>
    <None Include="translations\ring_client_windows_pt_BR.ts">
      <Filter>Translation Files</Filter>
    </None>
    <None Include="translations\ring_client_windows_ro.ts">
      <Filter>Translation Files</Filter>
    </None>
    <None Include="translations\ring_client_windows_ru.ts">
      <Filter>Translation Files</Filter>
    </None>
    <None Include="translations\ring_client_windows_ru_RU.ts">
      <Filter>Translation Files</Filter>
    </None>
    <None Include="translations\ring_client_windows_sk_SK.ts">
      <Filter>Translation Files</Filter>
    </None>
    <None Include="translations\ring_client_windows_sl.ts">
      <Filter>Translation Files</Filter>
    </None>
    <None Include="translations\ring_client_windows_sq_AL.ts">
      <Filter>Translation Files</Filter>
    </None>
    <None Include="translations\ring_client_windows_sv.ts">
      <Filter>Translation Files</Filter>
    </None>
    <None Include="translations\ring_client_windows_tr.ts">
      <Filter>Translation Files</Filter>
    </None>
    <None Include="translations\ring_client_windows_uk.ts">
      <Filter>Translation Files</Filter>
    </None>
    <None Include="translations\ring_client_windows_zh.ts">
      <Filter>Translation Files</Filter>
    </None>
    <None Include="translations\ring_client_windows_zh_CN.ts">
      <Filter>Translation Files</Filter>
    </None>
    <None Include="translations\ring_client_windows_zh_TW.ts">
      <Filter>Translation Files</Filter>
    </None>
    <None Include="..\lrc\src\web-chatview\chatview.css">
      <Filter>Resource Files\web</Filter>
    </None>
    <None Include="..\lrc\src\web-chatview\chatview.html">
      <Filter>Resource Files\web</Filter>
    </None>
    <None Include="..\lrc\src\web-chatview\chatview.js">
      <Filter>Resource Files\web</Filter>
    </None>
    <None Include="..\lrc\src\web-chatview\chatview-windows.css">
      <Filter>Resource Files\web</Filter>
    </None>
    <None Include="..\lrc\src\web-chatview\linkify.js">
      <Filter>Resource Files\web</Filter>
    </None>
    <None Include="..\lrc\src\web-chatview\linkify-html.js">
      <Filter>Resource Files\web</Filter>
    </None>
    <None Include="..\lrc\src\web-chatview\linkify-string.js">
      <Filter>Resource Files\web</Filter>
    </None>
    <None Include="..\lrc\src\web-chatview\qwebchannel.js">
      <Filter>Resource Files\web</Filter>
    </None>
  </ItemGroup>
  <ItemGroup>
    <QtUic Include="aboutdialog.ui">
      <Filter>Form Files</Filter>
    </QtUic>
    <QtUic Include="callwidget.ui">
      <Filter>Form Files</Filter>
    </QtUic>
    <QtUic Include="deleteaccountdialog.ui">
      <Filter>Form Files</Filter>
    </QtUic>
    <QtUic Include="mainwindow.ui">
      <Filter>Form Files</Filter>
    </QtUic>
    <QtUic Include="photoboothwidget.ui">
      <Filter>Form Files</Filter>
    </QtUic>
    <QtUic Include="ringbutton.ui">
      <Filter>Form Files</Filter>
    </QtUic>
    <QtUic Include="videooverlay.ui">
      <Filter>Form Files</Filter>
    </QtUic>
    <QtUic Include="videoview.ui">
      <Filter>Form Files</Filter>
    </QtUic>
    <QtUic Include="invitebuttonswidget.ui">
      <Filter>Form Files</Filter>
    </QtUic>
    <QtUic Include="settingswidget.ui">
      <Filter>Form Files</Filter>
    </QtUic>
    <QtUic Include="passworddialog.ui">
      <Filter>Form Files</Filter>
    </QtUic>
    <QtUic Include="advancedsettingswidget.ui">
      <Filter>Form Files</Filter>
    </QtUic>
    <QtUic Include="animatedoverlay.ui">
      <Filter>Form Files</Filter>
    </QtUic>
    <QtUic Include="newwizardwidget.ui">
      <Filter>Form Files</Filter>
    </QtUic>
    <QtUic Include="advancedsipsettingwidget.ui">
      <Filter>Form Files</Filter>
    </QtUic>
    <QtUic Include="nameregistrationdialog.ui">
      <Filter>Form Files</Filter>
    </QtUic>
    <QtUic Include="deviceitemwidget.ui">
      <Filter>Form Files</Filter>
    </QtUic>
    <QtUic Include="banneditemwidget.ui">
      <Filter>Form Files</Filter>
    </QtUic>
    <QtUic Include="linkdevicedialog.ui">
      <Filter>Form Files</Filter>
    </QtUic>
    <QtUic Include="updateconfirmdialog.ui">
      <Filter>Form Files</Filter>
    </QtUic>
    <QtUic Include="updatedownloaddialog.ui">
      <Filter>Form Files</Filter>
    </QtUic>
    <QtUic Include="contactpicker.ui">
      <Filter>Form Files</Filter>
    </QtUic>
    <QtUic Include="callaudioonlyavataroverlay.ui">
      <Filter>Form Files</Filter>
    </QtUic>
    <QtUic Include="sipkeypad.ui">
      <Filter>Form Files</Filter>
    </QtUic>
    <QtUic Include="accountmigration.ui">
      <Filter>Form Files</Filter>
    </QtUic>
    <QtUic Include="section.ui">
      <Filter>Form Files</Filter>
    </QtUic>
    <QtUic Include="collapsiblepasswordwidget.ui">
      <Filter>Form Files</Filter>
    </QtUic>
    <QtUic Include="popupdialog.ui">
      <Filter>Form Files</Filter>
    </QtUic>
    <QtUic Include="recordoverlay.ui">
      <Filter>Form Files</Filter>
    </QtUic>
    <QtUic Include="recordwidget.ui">
      <Filter>Form Files</Filter>
    </QtUic>
    <QtUic Include="changelogscrollwidget.ui">
      <Filter>Form Files</Filter>
    </QtUic>
  </ItemGroup>
  <ItemGroup>
    <None Include="images\FontAwesome.otf">
      <Filter>Resource Files</Filter>
    </None>
    <None Include="images\background-dark.png">
      <Filter>Resource Files</Filter>
    </None>
    <None Include="images\background-light.png">
      <Filter>Resource Files</Filter>
    </None>
    <None Include="images\user\btn-default-userpic.svg">
      <Filter>Resource Files</Filter>
    </None>
    <None Include="images\icons\ic_add_black_18dp_2x.png">
      <Filter>Resource Files</Filter>
    </None>
    <None Include="images\icons\ic_arrow_back_white_24dp.png">
      <Filter>Resource Files</Filter>
    </None>
    <None Include="images\icons\ic_arrow_drop_down_black_18dp_2x.png">
      <Filter>Resource Files</Filter>
    </None>
    <None Include="images\icons\ic_arrow_drop_down_black_9dp_2x.png">
      <Filter>Resource Files</Filter>
    </None>
    <None Include="images\icons\ic_arrow_drop_up_black_18dp_2x.png">
      <Filter>Resource Files</Filter>
    </None>
    <None Include="images\icons\ic_arrow_drop_up_black_9dp_2x.png">
      <Filter>Resource Files</Filter>
    </None>
    <None Include="images\icons\ic_arrow_forward_white_48dp_2x.png">
      <Filter>Resource Files</Filter>
    </None>
    <None Include="images\icons\ic_arrow_tab_next_black_9dp_2x.png">
      <Filter>Resource Files</Filter>
    </None>
    <None Include="images\icons\ic_arrow_tab_previous_black_9dp_2x.png">
      <Filter>Resource Files</Filter>
    </None>
    <None Include="images\icons\ic_call_transfer_white_24px.png">
      <Filter>Resource Files</Filter>
    </None>
    <None Include="images\icons\ic_chat_black_24dp_2x.png">
      <Filter>Resource Files</Filter>
    </None>
    <None Include="images\icons\ic_chat_white_24dp.png">
      <Filter>Resource Files</Filter>
    </None>
    <None Include="images\icons\ic_check_white_18dp_2x.png">
      <Filter>Resource Files</Filter>
    </None>
    <None Include="images\icons\ic_close_white_24dp.png">
      <Filter>Resource Files</Filter>
    </None>
    <None Include="images\icons\ic_content_copy_white_24dp.png">
      <Filter>Resource Files</Filter>
    </None>
    <None Include="images\icons\ic_delete_black_18dp_2x.png">
      <Filter>Resource Files</Filter>
    </None>
    <None Include="images\icons\ic_done_white_24dp.png">
      <Filter>Resource Files</Filter>
    </None>
    <None Include="images\icons\ic_folder_black_18dp_2x.png">
      <Filter>Resource Files</Filter>
    </None>
    <None Include="images\icons\ic_group_add_white_24dp.png">
      <Filter>Resource Files</Filter>
    </None>
    <None Include="images\icons\ic_high_quality_white_24dp.png">
      <Filter>Resource Files</Filter>
    </None>
    <None Include="images\icons\ic_mic_off_white_24dp.png">
      <Filter>Resource Files</Filter>
    </None>
    <None Include="images\icons\ic_pause_white_100px.png">
      <Filter>Resource Files</Filter>
    </None>
    <None Include="images\icons\ic_pause_white_24dp.png">
      <Filter>Resource Files</Filter>
    </None>
    <None Include="images\icons\ic_person_add_black_24dp_2x.png">
      <Filter>Resource Files</Filter>
    </None>
    <None Include="images\icons\ic_person_add_white_24dp.png">
      <Filter>Resource Files</Filter>
    </None>
    <None Include="images\icons\ic_photo_camera_white_24dp_2x.png">
      <Filter>Resource Files</Filter>
    </None>
    <None Include="images\icons\ic_search_black_18dp_2x.png">
      <Filter>Resource Files</Filter>
    </None>
    <None Include="images\icons\ic_send_white_24dp.png">
      <Filter>Resource Files</Filter>
    </None>
    <None Include="images\icons\ic_settings_white_48dp_2x.png">
      <Filter>Resource Files</Filter>
    </None>
    <None Include="images\icons\ic_share_black_48dp_2x.png">
      <Filter>Resource Files</Filter>
    </None>
    <None Include="images\icons\ic_videocam_off_white_24dp.png">
      <Filter>Resource Files</Filter>
    </None>
    <None Include="images\icons\ic_videocam_white.png">
      <Filter>Resource Files</Filter>
    </None>
    <None Include="images\icons\ic_voicemail_white_24dp_2x.png">
      <Filter>Resource Files</Filter>
    </None>
    <None Include="images\loading.gif">
      <Filter>Resource Files</Filter>
    </None>
    <None Include="images\logo-jami-standard-coul.png">
      <Filter>Resource Files</Filter>
    </None>
    <None Include="images\qrcode.png">
      <Filter>Resource Files</Filter>
    </None>
    <QtRcc Include="ressources.qrc">
      <Filter>Resource Files</Filter>
    </QtRcc>
    <None Include="images\jami.png">
      <Filter>Resource Files</Filter>
    </None>
    <None Include="images\spikeMask.png">
      <Filter>Resource Files</Filter>
    </None>
    <None Include="stylesheet.css">
      <Filter>Resource Files</Filter>
    </None>
    <None Include="images\waiting.gif">
      <Filter>Resource Files</Filter>
    </None>
  </ItemGroup>
  <ItemGroup>
    <ResourceCompile Include="ico.rc" />
  </ItemGroup>
  <ItemGroup>
    <ClInclude Include="webchathelpers.h">
      <Filter>Header Files</Filter>
    </ClInclude>
    <ClInclude Include="version.h">
      <Filter>Header Files</Filter>
    </ClInclude>
  </ItemGroup>
  <ItemGroup>
    <Image Include="images\icons\ic_mic_white_24dp.png">
      <Filter>Resource Files</Filter>
    </Image>
    <Image Include="images\icons\ic_play_white_24dp.png">
      <Filter>Resource Files</Filter>
    </Image>
    <Image Include="images\icons\icon-keypad-24-2x.png">
      <Filter>Resource Files</Filter>
    </Image>
  </ItemGroup>
</Project>