
Microsoft Visual Studio Solution File, Format Version 12.00
# Visual Studio 15
VisualStudioVersion = 15.0.27703.2026
MinimumVisualStudioVersion = 10.0.40219.1
Project("{8BC9CEB8-8B4A-11D0-8D11-00A0C91BC942}") = "ring-client-windows", "ring-client-windows.vcxproj", "{0F6318E4-4C06-384E-BCA8-F344DA187957}"
	ProjectSection(ProjectDependencies) = postProject
		{25AAE3D1-64FC-3F7F-A613-FD2946045822} = {25AAE3D1-64FC-3F7F-A613-FD2946045822}
	EndProjectSection
EndProject
Project("{8BC9CEB8-8B4A-11D0-8D11-00A0C91BC942}") = "ring-daemon", "..\daemon\MSVC\ring-daemon.vcxproj", "{79F8DE42-595D-49D9-A66F-55244FD9DCC3}"
EndProject
Project("{8BC9CEB8-8B4A-11D0-8D11-00A0C91BC942}") = "ringclient_static", "..\lrc\msvc\ringclient_static.vcxproj", "{25AAE3D1-64FC-3F7F-A613-FD2946045822}"
EndProject
Project("{8BC9CEB8-8B4A-11D0-8D11-00A0C91BC942}") = "qtwrapper", "..\lrc\msvc\src\qtwrapper\qtwrapper.vcxproj", "{A9C7244C-3AD1-3E17-9345-72835807575F}"
	ProjectSection(ProjectDependencies) = postProject
		{79F8DE42-595D-49D9-A66F-55244FD9DCC3} = {79F8DE42-595D-49D9-A66F-55244FD9DCC3}
	EndProjectSection
EndProject
Project("{930C7802-8A8C-48F9-8165-68863BCCD9DD}") = "JamiInstaller", "JamiInstaller\JamiInstaller.wixproj", "{DBBFBC55-1C20-4D21-AE3B-6E8B14C4FE48}"
EndProject
Global
	GlobalSection(SolutionConfigurationPlatforms) = preSolution
		Debug|x64 = Debug|x64
		Debug|x86 = Debug|x86
		DebugLib_win32|x64 = DebugLib_win32|x64
		DebugLib_win32|x86 = DebugLib_win32|x86
		DebugLib|x64 = DebugLib|x64
		DebugLib|x86 = DebugLib|x86
		MinSizeRel|x64 = MinSizeRel|x64
		MinSizeRel|x86 = MinSizeRel|x86
		Release|x64 = Release|x64
		Release|x86 = Release|x86
		ReleaseLib_win32|x64 = ReleaseLib_win32|x64
		ReleaseLib_win32|x86 = ReleaseLib_win32|x86
		ReleaseLib|x64 = ReleaseLib|x64
		ReleaseLib|x86 = ReleaseLib|x86
		RelWithDebInfo|x64 = RelWithDebInfo|x64
		RelWithDebInfo|x86 = RelWithDebInfo|x86
	EndGlobalSection
	GlobalSection(ProjectConfigurationPlatforms) = postSolution
		{0F6318E4-4C06-384E-BCA8-F344DA187957}.Debug|x64.ActiveCfg = Release|x64
		{0F6318E4-4C06-384E-BCA8-F344DA187957}.Debug|x64.Build.0 = Release|x64
		{0F6318E4-4C06-384E-BCA8-F344DA187957}.Debug|x86.ActiveCfg = Release|x64
		{0F6318E4-4C06-384E-BCA8-F344DA187957}.Debug|x86.Build.0 = Release|x64
		{0F6318E4-4C06-384E-BCA8-F344DA187957}.DebugLib_win32|x64.ActiveCfg = Release|x64
		{0F6318E4-4C06-384E-BCA8-F344DA187957}.DebugLib_win32|x64.Build.0 = Release|x64
		{0F6318E4-4C06-384E-BCA8-F344DA187957}.DebugLib_win32|x86.ActiveCfg = Release|x64
		{0F6318E4-4C06-384E-BCA8-F344DA187957}.DebugLib_win32|x86.Build.0 = Release|x64
		{0F6318E4-4C06-384E-BCA8-F344DA187957}.DebugLib|x64.ActiveCfg = Release|x64
		{0F6318E4-4C06-384E-BCA8-F344DA187957}.DebugLib|x64.Build.0 = Release|x64
		{0F6318E4-4C06-384E-BCA8-F344DA187957}.DebugLib|x86.ActiveCfg = Release|x64
		{0F6318E4-4C06-384E-BCA8-F344DA187957}.DebugLib|x86.Build.0 = Release|x64
		{0F6318E4-4C06-384E-BCA8-F344DA187957}.MinSizeRel|x64.ActiveCfg = Release|x64
		{0F6318E4-4C06-384E-BCA8-F344DA187957}.MinSizeRel|x64.Build.0 = Release|x64
		{0F6318E4-4C06-384E-BCA8-F344DA187957}.MinSizeRel|x86.ActiveCfg = Release|x64
		{0F6318E4-4C06-384E-BCA8-F344DA187957}.MinSizeRel|x86.Build.0 = Release|x64
		{0F6318E4-4C06-384E-BCA8-F344DA187957}.Release|x64.ActiveCfg = Release|x64
		{0F6318E4-4C06-384E-BCA8-F344DA187957}.Release|x64.Build.0 = Release|x64
		{0F6318E4-4C06-384E-BCA8-F344DA187957}.Release|x86.ActiveCfg = Release|x64
		{0F6318E4-4C06-384E-BCA8-F344DA187957}.ReleaseLib_win32|x64.ActiveCfg = Release|x64
		{0F6318E4-4C06-384E-BCA8-F344DA187957}.ReleaseLib_win32|x64.Build.0 = Release|x64
		{0F6318E4-4C06-384E-BCA8-F344DA187957}.ReleaseLib_win32|x86.ActiveCfg = Release|x64
		{0F6318E4-4C06-384E-BCA8-F344DA187957}.ReleaseLib_win32|x86.Build.0 = Release|x64
		{0F6318E4-4C06-384E-BCA8-F344DA187957}.ReleaseLib|x64.ActiveCfg = Release|x64
		{0F6318E4-4C06-384E-BCA8-F344DA187957}.ReleaseLib|x64.Build.0 = Release|x64
		{0F6318E4-4C06-384E-BCA8-F344DA187957}.ReleaseLib|x86.ActiveCfg = Release|x64
		{0F6318E4-4C06-384E-BCA8-F344DA187957}.ReleaseLib|x86.Build.0 = Release|x64
		{0F6318E4-4C06-384E-BCA8-F344DA187957}.RelWithDebInfo|x64.ActiveCfg = Release|x64
		{0F6318E4-4C06-384E-BCA8-F344DA187957}.RelWithDebInfo|x64.Build.0 = Release|x64
		{0F6318E4-4C06-384E-BCA8-F344DA187957}.RelWithDebInfo|x86.ActiveCfg = Release|x64
		{0F6318E4-4C06-384E-BCA8-F344DA187957}.RelWithDebInfo|x86.Build.0 = Release|x64
		{79F8DE42-595D-49D9-A66F-55244FD9DCC3}.Debug|x64.ActiveCfg = Debug|x64
		{79F8DE42-595D-49D9-A66F-55244FD9DCC3}.Debug|x64.Build.0 = Debug|x64
		{79F8DE42-595D-49D9-A66F-55244FD9DCC3}.Debug|x86.ActiveCfg = Debug|Win32
		{79F8DE42-595D-49D9-A66F-55244FD9DCC3}.Debug|x86.Build.0 = Debug|Win32
		{79F8DE42-595D-49D9-A66F-55244FD9DCC3}.DebugLib_win32|x64.ActiveCfg = DebugLib|x64
		{79F8DE42-595D-49D9-A66F-55244FD9DCC3}.DebugLib_win32|x64.Build.0 = DebugLib|x64
		{79F8DE42-595D-49D9-A66F-55244FD9DCC3}.DebugLib_win32|x86.ActiveCfg = DebugLib|Win32
		{79F8DE42-595D-49D9-A66F-55244FD9DCC3}.DebugLib_win32|x86.Build.0 = DebugLib|Win32
		{79F8DE42-595D-49D9-A66F-55244FD9DCC3}.DebugLib|x64.ActiveCfg = DebugLib|x64
		{79F8DE42-595D-49D9-A66F-55244FD9DCC3}.DebugLib|x64.Build.0 = DebugLib|x64
		{79F8DE42-595D-49D9-A66F-55244FD9DCC3}.DebugLib|x86.ActiveCfg = DebugLib|Win32
		{79F8DE42-595D-49D9-A66F-55244FD9DCC3}.DebugLib|x86.Build.0 = DebugLib|Win32
		{79F8DE42-595D-49D9-A66F-55244FD9DCC3}.MinSizeRel|x64.ActiveCfg = ReleaseLib_win32|x64
		{79F8DE42-595D-49D9-A66F-55244FD9DCC3}.MinSizeRel|x64.Build.0 = ReleaseLib_win32|x64
		{79F8DE42-595D-49D9-A66F-55244FD9DCC3}.MinSizeRel|x86.ActiveCfg = ReleaseLib_win32|Win32
		{79F8DE42-595D-49D9-A66F-55244FD9DCC3}.MinSizeRel|x86.Build.0 = ReleaseLib_win32|Win32
		{79F8DE42-595D-49D9-A66F-55244FD9DCC3}.Release|x64.ActiveCfg = ReleaseLib_win32|x64
		{79F8DE42-595D-49D9-A66F-55244FD9DCC3}.Release|x64.Build.0 = ReleaseLib_win32|x64
		{79F8DE42-595D-49D9-A66F-55244FD9DCC3}.Release|x86.ActiveCfg = Release|Win32
		{79F8DE42-595D-49D9-A66F-55244FD9DCC3}.Release|x86.Build.0 = Release|Win32
		{79F8DE42-595D-49D9-A66F-55244FD9DCC3}.ReleaseLib_win32|x64.ActiveCfg = ReleaseLib_win32|x64
		{79F8DE42-595D-49D9-A66F-55244FD9DCC3}.ReleaseLib_win32|x64.Build.0 = ReleaseLib_win32|x64
		{79F8DE42-595D-49D9-A66F-55244FD9DCC3}.ReleaseLib_win32|x86.ActiveCfg = ReleaseLib|Win32
		{79F8DE42-595D-49D9-A66F-55244FD9DCC3}.ReleaseLib_win32|x86.Build.0 = ReleaseLib|Win32
		{79F8DE42-595D-49D9-A66F-55244FD9DCC3}.ReleaseLib|x64.ActiveCfg = ReleaseLib_win32|x64
		{79F8DE42-595D-49D9-A66F-55244FD9DCC3}.ReleaseLib|x64.Build.0 = ReleaseLib_win32|x64
		{79F8DE42-595D-49D9-A66F-55244FD9DCC3}.ReleaseLib|x86.ActiveCfg = ReleaseLib|Win32
		{79F8DE42-595D-49D9-A66F-55244FD9DCC3}.ReleaseLib|x86.Build.0 = ReleaseLib|Win32
		{79F8DE42-595D-49D9-A66F-55244FD9DCC3}.RelWithDebInfo|x64.ActiveCfg = ReleaseLib|x64
		{79F8DE42-595D-49D9-A66F-55244FD9DCC3}.RelWithDebInfo|x64.Build.0 = ReleaseLib|x64
		{79F8DE42-595D-49D9-A66F-55244FD9DCC3}.RelWithDebInfo|x86.ActiveCfg = ReleaseLib|Win32
		{79F8DE42-595D-49D9-A66F-55244FD9DCC3}.RelWithDebInfo|x86.Build.0 = ReleaseLib|Win32
		{25AAE3D1-64FC-3F7F-A613-FD2946045822}.Debug|x64.ActiveCfg = Debug|x64
		{25AAE3D1-64FC-3F7F-A613-FD2946045822}.Debug|x64.Build.0 = Debug|x64
		{25AAE3D1-64FC-3F7F-A613-FD2946045822}.Debug|x86.ActiveCfg = Debug|x64
		{25AAE3D1-64FC-3F7F-A613-FD2946045822}.DebugLib_win32|x64.ActiveCfg = Debug|x64
		{25AAE3D1-64FC-3F7F-A613-FD2946045822}.DebugLib_win32|x64.Build.0 = Debug|x64
		{25AAE3D1-64FC-3F7F-A613-FD2946045822}.DebugLib_win32|x86.ActiveCfg = MinSizeRel|x64
		{25AAE3D1-64FC-3F7F-A613-FD2946045822}.DebugLib_win32|x86.Build.0 = MinSizeRel|x64
		{25AAE3D1-64FC-3F7F-A613-FD2946045822}.DebugLib|x64.ActiveCfg = Debug|x64
		{25AAE3D1-64FC-3F7F-A613-FD2946045822}.DebugLib|x64.Build.0 = Debug|x64
		{25AAE3D1-64FC-3F7F-A613-FD2946045822}.DebugLib|x86.ActiveCfg = MinSizeRel|x64
		{25AAE3D1-64FC-3F7F-A613-FD2946045822}.DebugLib|x86.Build.0 = MinSizeRel|x64
		{25AAE3D1-64FC-3F7F-A613-FD2946045822}.MinSizeRel|x64.ActiveCfg = MinSizeRel|x64
		{25AAE3D1-64FC-3F7F-A613-FD2946045822}.MinSizeRel|x64.Build.0 = MinSizeRel|x64
		{25AAE3D1-64FC-3F7F-A613-FD2946045822}.MinSizeRel|x86.ActiveCfg = MinSizeRel|x64
		{25AAE3D1-64FC-3F7F-A613-FD2946045822}.Release|x64.ActiveCfg = Release|x64
		{25AAE3D1-64FC-3F7F-A613-FD2946045822}.Release|x64.Build.0 = Release|x64
		{25AAE3D1-64FC-3F7F-A613-FD2946045822}.Release|x86.ActiveCfg = Release|x64
		{25AAE3D1-64FC-3F7F-A613-FD2946045822}.ReleaseLib_win32|x64.ActiveCfg = Release|x64
		{25AAE3D1-64FC-3F7F-A613-FD2946045822}.ReleaseLib_win32|x64.Build.0 = Release|x64
		{25AAE3D1-64FC-3F7F-A613-FD2946045822}.ReleaseLib_win32|x86.ActiveCfg = MinSizeRel|x64
		{25AAE3D1-64FC-3F7F-A613-FD2946045822}.ReleaseLib_win32|x86.Build.0 = MinSizeRel|x64
		{25AAE3D1-64FC-3F7F-A613-FD2946045822}.ReleaseLib|x64.ActiveCfg = Release|x64
		{25AAE3D1-64FC-3F7F-A613-FD2946045822}.ReleaseLib|x64.Build.0 = Release|x64
		{25AAE3D1-64FC-3F7F-A613-FD2946045822}.ReleaseLib|x86.ActiveCfg = MinSizeRel|x64
		{25AAE3D1-64FC-3F7F-A613-FD2946045822}.ReleaseLib|x86.Build.0 = MinSizeRel|x64
		{25AAE3D1-64FC-3F7F-A613-FD2946045822}.RelWithDebInfo|x64.ActiveCfg = RelWithDebInfo|x64
		{25AAE3D1-64FC-3F7F-A613-FD2946045822}.RelWithDebInfo|x64.Build.0 = RelWithDebInfo|x64
		{25AAE3D1-64FC-3F7F-A613-FD2946045822}.RelWithDebInfo|x86.ActiveCfg = RelWithDebInfo|x64
		{A9C7244C-3AD1-3E17-9345-72835807575F}.Debug|x64.ActiveCfg = Debug|x64
		{A9C7244C-3AD1-3E17-9345-72835807575F}.Debug|x64.Build.0 = Debug|x64
		{A9C7244C-3AD1-3E17-9345-72835807575F}.Debug|x86.ActiveCfg = Debug|x64
		{A9C7244C-3AD1-3E17-9345-72835807575F}.DebugLib_win32|x64.ActiveCfg = Debug|x64
		{A9C7244C-3AD1-3E17-9345-72835807575F}.DebugLib_win32|x64.Build.0 = Debug|x64
		{A9C7244C-3AD1-3E17-9345-72835807575F}.DebugLib_win32|x86.ActiveCfg = MinSizeRel|x64
		{A9C7244C-3AD1-3E17-9345-72835807575F}.DebugLib_win32|x86.Build.0 = MinSizeRel|x64
		{A9C7244C-3AD1-3E17-9345-72835807575F}.DebugLib|x64.ActiveCfg = Debug|x64
		{A9C7244C-3AD1-3E17-9345-72835807575F}.DebugLib|x64.Build.0 = Debug|x64
		{A9C7244C-3AD1-3E17-9345-72835807575F}.DebugLib|x86.ActiveCfg = MinSizeRel|x64
		{A9C7244C-3AD1-3E17-9345-72835807575F}.DebugLib|x86.Build.0 = MinSizeRel|x64
		{A9C7244C-3AD1-3E17-9345-72835807575F}.MinSizeRel|x64.ActiveCfg = MinSizeRel|x64
		{A9C7244C-3AD1-3E17-9345-72835807575F}.MinSizeRel|x64.Build.0 = MinSizeRel|x64
		{A9C7244C-3AD1-3E17-9345-72835807575F}.MinSizeRel|x86.ActiveCfg = MinSizeRel|x64
		{A9C7244C-3AD1-3E17-9345-72835807575F}.Release|x64.ActiveCfg = Release|x64
		{A9C7244C-3AD1-3E17-9345-72835807575F}.Release|x64.Build.0 = Release|x64
		{A9C7244C-3AD1-3E17-9345-72835807575F}.Release|x86.ActiveCfg = Release|x64
		{A9C7244C-3AD1-3E17-9345-72835807575F}.ReleaseLib_win32|x64.ActiveCfg = Release|x64
		{A9C7244C-3AD1-3E17-9345-72835807575F}.ReleaseLib_win32|x64.Build.0 = Release|x64
		{A9C7244C-3AD1-3E17-9345-72835807575F}.ReleaseLib_win32|x86.ActiveCfg = MinSizeRel|x64
		{A9C7244C-3AD1-3E17-9345-72835807575F}.ReleaseLib_win32|x86.Build.0 = MinSizeRel|x64
		{A9C7244C-3AD1-3E17-9345-72835807575F}.ReleaseLib|x64.ActiveCfg = Release|x64
		{A9C7244C-3AD1-3E17-9345-72835807575F}.ReleaseLib|x64.Build.0 = Release|x64
		{A9C7244C-3AD1-3E17-9345-72835807575F}.ReleaseLib|x86.ActiveCfg = MinSizeRel|x64
		{A9C7244C-3AD1-3E17-9345-72835807575F}.ReleaseLib|x86.Build.0 = MinSizeRel|x64
		{A9C7244C-3AD1-3E17-9345-72835807575F}.RelWithDebInfo|x64.ActiveCfg = RelWithDebInfo|x64
		{A9C7244C-3AD1-3E17-9345-72835807575F}.RelWithDebInfo|x64.Build.0 = RelWithDebInfo|x64
		{A9C7244C-3AD1-3E17-9345-72835807575F}.RelWithDebInfo|x86.ActiveCfg = RelWithDebInfo|x64
		{DBBFBC55-1C20-4D21-AE3B-6E8B14C4FE48}.Debug|x64.ActiveCfg = Debug|x86
		{DBBFBC55-1C20-4D21-AE3B-6E8B14C4FE48}.Debug|x86.ActiveCfg = Debug|x86
		{DBBFBC55-1C20-4D21-AE3B-6E8B14C4FE48}.Debug|x86.Build.0 = Debug|x86
		{DBBFBC55-1C20-4D21-AE3B-6E8B14C4FE48}.DebugLib_win32|x64.ActiveCfg = Release|x86
		{DBBFBC55-1C20-4D21-AE3B-6E8B14C4FE48}.DebugLib_win32|x64.Build.0 = Release|x86
		{DBBFBC55-1C20-4D21-AE3B-6E8B14C4FE48}.DebugLib_win32|x86.ActiveCfg = Debug|x86
		{DBBFBC55-1C20-4D21-AE3B-6E8B14C4FE48}.DebugLib_win32|x86.Build.0 = Debug|x86
		{DBBFBC55-1C20-4D21-AE3B-6E8B14C4FE48}.DebugLib|x64.ActiveCfg = Release|x86
		{DBBFBC55-1C20-4D21-AE3B-6E8B14C4FE48}.DebugLib|x64.Build.0 = Release|x86
		{DBBFBC55-1C20-4D21-AE3B-6E8B14C4FE48}.DebugLib|x86.ActiveCfg = Debug|x86
		{DBBFBC55-1C20-4D21-AE3B-6E8B14C4FE48}.DebugLib|x86.Build.0 = Debug|x86
		{DBBFBC55-1C20-4D21-AE3B-6E8B14C4FE48}.MinSizeRel|x64.ActiveCfg = Release|x86
		{DBBFBC55-1C20-4D21-AE3B-6E8B14C4FE48}.MinSizeRel|x64.Build.0 = Release|x86
		{DBBFBC55-1C20-4D21-AE3B-6E8B14C4FE48}.MinSizeRel|x86.ActiveCfg = Release|x86
		{DBBFBC55-1C20-4D21-AE3B-6E8B14C4FE48}.MinSizeRel|x86.Build.0 = Release|x86
		{DBBFBC55-1C20-4D21-AE3B-6E8B14C4FE48}.Release|x64.ActiveCfg = Release|x86
		{DBBFBC55-1C20-4D21-AE3B-6E8B14C4FE48}.Release|x86.ActiveCfg = Release|x86
		{DBBFBC55-1C20-4D21-AE3B-6E8B14C4FE48}.Release|x86.Build.0 = Release|x86
		{DBBFBC55-1C20-4D21-AE3B-6E8B14C4FE48}.ReleaseLib_win32|x64.ActiveCfg = Release|x86
		{DBBFBC55-1C20-4D21-AE3B-6E8B14C4FE48}.ReleaseLib_win32|x64.Build.0 = Release|x86
		{DBBFBC55-1C20-4D21-AE3B-6E8B14C4FE48}.ReleaseLib_win32|x86.ActiveCfg = Release|x86
		{DBBFBC55-1C20-4D21-AE3B-6E8B14C4FE48}.ReleaseLib_win32|x86.Build.0 = Release|x86
		{DBBFBC55-1C20-4D21-AE3B-6E8B14C4FE48}.ReleaseLib|x64.ActiveCfg = Release|x86
		{DBBFBC55-1C20-4D21-AE3B-6E8B14C4FE48}.ReleaseLib|x64.Build.0 = Release|x86
		{DBBFBC55-1C20-4D21-AE3B-6E8B14C4FE48}.ReleaseLib|x86.ActiveCfg = Release|x86
		{DBBFBC55-1C20-4D21-AE3B-6E8B14C4FE48}.ReleaseLib|x86.Build.0 = Release|x86
		{DBBFBC55-1C20-4D21-AE3B-6E8B14C4FE48}.RelWithDebInfo|x64.ActiveCfg = Release|x86
		{DBBFBC55-1C20-4D21-AE3B-6E8B14C4FE48}.RelWithDebInfo|x64.Build.0 = Release|x86
		{DBBFBC55-1C20-4D21-AE3B-6E8B14C4FE48}.RelWithDebInfo|x86.ActiveCfg = Release|x86
		{DBBFBC55-1C20-4D21-AE3B-6E8B14C4FE48}.RelWithDebInfo|x86.Build.0 = Release|x86
	EndGlobalSection
	GlobalSection(SolutionProperties) = preSolution
		HideSolutionNode = FALSE
	EndGlobalSection
	GlobalSection(ExtensibilityGlobals) = postSolution
		SolutionGuid = {5C2901E8-26FE-444A-A80E-02AF8147CD34}
	EndGlobalSection
EndGlobal
