<?xml version="1.0" encoding="utf-8"?>
<Project xmlns="http://schemas.microsoft.com/developer/msbuild/2003">
  <ItemGroup>
    <Filter Include="resources">
      <UniqueIdentifier>{b0ac2f86-4464-4bd4-a02f-dd4a94c982e2}</UniqueIdentifier>
    </Filter>
    <Filter Include="resources\images">
      <UniqueIdentifier>{f05bda33-f4d1-49c1-b54e-76f18a04b2ef}</UniqueIdentifier>
    </Filter>
    <Filter Include="resources\images\icons">
      <UniqueIdentifier>{29305235-9c8e-4b80-8893-e1e5e229ccb2}</UniqueIdentifier>
    </Filter>
    <Filter Include="src">
      <UniqueIdentifier>{0967a5b5-7298-4b11-ba4b-9d5c416d8ce3}</UniqueIdentifier>
    </Filter>
    <Filter Include="src\bridging">
      <UniqueIdentifier>{9184437d-95b4-4fa8-a66b-f2b07b9f69fe}</UniqueIdentifier>
    </Filter>
    <Filter Include="src\delegates">
      <UniqueIdentifier>{5208495d-7a36-4a01-a6d2-56c5b21f90c3}</UniqueIdentifier>
    </Filter>
    <Filter Include="src\mainwindow">
      <UniqueIdentifier>{6dbfe650-7634-4c21-bd9b-7ea134d52620}</UniqueIdentifier>
    </Filter>
    <Filter Include="src\dialogs">
      <UniqueIdentifier>{db7932ce-b806-4fa8-84ff-3877a39cdbea}</UniqueIdentifier>
    </Filter>
    <Filter Include="src\misc">
      <UniqueIdentifier>{79933fef-868e-4288-ba97-cce2fcabb7f7}</UniqueIdentifier>
    </Filter>
    <Filter Include="src\models">
      <UniqueIdentifier>{40608974-17d2-43bd-bcae-4915af3dd637}</UniqueIdentifier>
    </Filter>
    <Filter Include="src\ui">
      <UniqueIdentifier>{4b38d140-36b1-43ac-84e0-1d9ff3dcd376}</UniqueIdentifier>
    </Filter>
    <Filter Include="generated_files">
      <UniqueIdentifier>{cb86e2ce-3419-4716-a062-ffbb63da7129}</UniqueIdentifier>
    </Filter>
    <Filter Include="translations">
      <UniqueIdentifier>{9f077f33-acd3-49a8-8cda-9620d57cb9c5}</UniqueIdentifier>
    </Filter>
    <Filter Include="resources\images\icons\av_icons">
      <UniqueIdentifier>{36f60497-7425-4db3-8b45-abde8bb42fe0}</UniqueIdentifier>
    </Filter>
  </ItemGroup>
  <ItemGroup>
    <ClCompile Include="src\main.cpp">
      <Filter>src</Filter>
    </ClCompile>
    <ClCompile Include="src\bridging\rendermanager.cpp">
      <Filter>src\bridging</Filter>
    </ClCompile>
    <ClCompile Include="src\delegates\accountitemdelegate.cpp">
      <Filter>src\delegates</Filter>
    </ClCompile>
    <ClCompile Include="src\delegates\contactpickeritemdelegate.cpp">
      <Filter>src\delegates</Filter>
    </ClCompile>
    <ClCompile Include="src\delegates\conversationitemdelegate.cpp">
      <Filter>src\delegates</Filter>
    </ClCompile>
    <ClCompile Include="src\mainwindow\advancedsettingswidget.cpp">
      <Filter>src\mainwindow</Filter>
    </ClCompile>
    <ClCompile Include="src\mainwindow\advancedsipsettingwidget.cpp">
      <Filter>src\mainwindow</Filter>
    </ClCompile>
    <ClCompile Include="src\mainwindow\banneditemwidget.cpp">
      <Filter>src\mainwindow</Filter>
    </ClCompile>
    <ClCompile Include="src\mainwindow\bezierconnectorwidget.cpp">
      <Filter>src\mainwindow</Filter>
    </ClCompile>
    <ClCompile Include="src\mainwindow\callaudioonlyavataroverlay.cpp">
      <Filter>src\mainwindow</Filter>
    </ClCompile>
    <ClCompile Include="src\mainwindow\callwidget.cpp">
      <Filter>src\mainwindow</Filter>
    </ClCompile>
    <ClCompile Include="src\mainwindow\conversationsfilterwidget.cpp">
      <Filter>src\mainwindow</Filter>
    </ClCompile>
    <ClCompile Include="src\mainwindow\currentaccountcombobox.cpp">
      <Filter>src\mainwindow</Filter>
    </ClCompile>
    <ClCompile Include="src\mainwindow\deviceitemwidget.cpp">
      <Filter>src\mainwindow</Filter>
    </ClCompile>
    <ClCompile Include="src\mainwindow\distantwidget.cpp">
      <Filter>src\mainwindow</Filter>
    </ClCompile>
    <ClCompile Include="src\mainwindow\iconbutton.cpp">
      <Filter>src\mainwindow</Filter>
    </ClCompile>
    <ClCompile Include="src\mainwindow\idlabel.cpp">
      <Filter>src\mainwindow</Filter>
    </ClCompile>
    <ClCompile Include="src\mainwindow\invitebuttonswidget.cpp">
      <Filter>src\mainwindow</Filter>
    </ClCompile>
    <ClCompile Include="src\mainwindow\levelmeter.cpp">
      <Filter>src\mainwindow</Filter>
    </ClCompile>
    <ClCompile Include="src\mainwindow\mainwindow.cpp">
      <Filter>src\mainwindow</Filter>
    </ClCompile>
    <ClCompile Include="src\mainwindow\messagewebpage.cpp">
      <Filter>src\mainwindow</Filter>
    </ClCompile>
    <ClCompile Include="src\mainwindow\messagewebview.cpp">
      <Filter>src\mainwindow</Filter>
    </ClCompile>
    <ClCompile Include="src\mainwindow\navwidget.cpp">
      <Filter>src\mainwindow</Filter>
    </ClCompile>
    <ClCompile Include="src\mainwindow\newwizardwidget.cpp">
      <Filter>src\mainwindow</Filter>
    </ClCompile>
    <ClCompile Include="src\mainwindow\notifypushbutton.cpp">
      <Filter>src\mainwindow</Filter>
    </ClCompile>
    <ClCompile Include="src\mainwindow\overlaybutton.cpp">
      <Filter>src\mainwindow</Filter>
    </ClCompile>
    <ClCompile Include="src\mainwindow\photoboothwidget.cpp">
      <Filter>src\mainwindow</Filter>
    </ClCompile>
    <ClCompile Include="src\mainwindow\previewwidget.cpp">
      <Filter>src\mainwindow</Filter>
    </ClCompile>
    <ClCompile Include="src\mainwindow\ringbutton.cpp">
      <Filter>src\mainwindow</Filter>
    </ClCompile>
    <ClCompile Include="src\mainwindow\ringcontactlineedit.cpp">
      <Filter>src\mainwindow</Filter>
    </ClCompile>
    <ClCompile Include="src\mainwindow\selectareadialog.cpp">
      <Filter>src\mainwindow</Filter>
    </ClCompile>
    <ClCompile Include="src\mainwindow\settingswidget.cpp">
      <Filter>src\mainwindow</Filter>
    </ClCompile>
    <ClCompile Include="src\mainwindow\sipinputpanel.cpp">
      <Filter>src\mainwindow</Filter>
    </ClCompile>
    <ClCompile Include="src\mainwindow\smartlistselectorbuttonnotifier.cpp">
      <Filter>src\mainwindow</Filter>
    </ClCompile>
    <ClCompile Include="src\mainwindow\smartlistview.cpp">
      <Filter>src\mainwindow</Filter>
    </ClCompile>
    <ClCompile Include="src\mainwindow\toggleswitch.cpp">
      <Filter>src\mainwindow</Filter>
    </ClCompile>
    <ClCompile Include="src\mainwindow\videooverlay.cpp">
      <Filter>src\mainwindow</Filter>
    </ClCompile>
    <ClCompile Include="src\mainwindow\videoview.cpp">
      <Filter>src\mainwindow</Filter>
    </ClCompile>
    <ClCompile Include="src\mainwindow\videowidgetbase.cpp">
      <Filter>src\mainwindow</Filter>
    </ClCompile>
    <ClCompile Include="src\mainwindow\webchathelpers.cpp">
      <Filter>src\mainwindow</Filter>
    </ClCompile>
    <ClCompile Include="src\dialogs\aboutdialog.cpp">
      <Filter>src\dialogs</Filter>
    </ClCompile>
    <ClCompile Include="src\dialogs\accountmigrationdialog.cpp">
      <Filter>src\dialogs</Filter>
    </ClCompile>
    <ClCompile Include="src\dialogs\contactpicker.cpp">
      <Filter>src\dialogs</Filter>
    </ClCompile>
    <ClCompile Include="src\dialogs\deleteaccountdialog.cpp">
      <Filter>src\dialogs</Filter>
    </ClCompile>
    <ClCompile Include="src\dialogs\linkdevicedialog.cpp">
      <Filter>src\dialogs</Filter>
    </ClCompile>
    <ClCompile Include="src\dialogs\nameregistrationdialog.cpp">
      <Filter>src\dialogs</Filter>
    </ClCompile>
    <ClCompile Include="src\dialogs\passworddialog.cpp">
      <Filter>src\dialogs</Filter>
    </ClCompile>
    <ClCompile Include="src\dialogs\updateconfirmdialog.cpp">
      <Filter>src\dialogs</Filter>
    </ClCompile>
    <ClCompile Include="src\dialogs\updatedownloaddialog.cpp">
      <Filter>src\dialogs</Filter>
    </ClCompile>
    <ClCompile Include="src\misc\connectivitymonitor.cpp">
      <Filter>src\misc</Filter>
    </ClCompile>
    <ClCompile Include="src\misc\globalsystemtray.cpp">
      <Filter>src\misc</Filter>
    </ClCompile>
    <ClCompile Include="src\misc\networkmanager.cpp">
      <Filter>src\misc</Filter>
    </ClCompile>
    <ClCompile Include="src\misc\pixbufmanipulator.cpp">
      <Filter>src\misc</Filter>
    </ClCompile>
    <ClCompile Include="src\misc\runguard.cpp">
      <Filter>src\misc</Filter>
    </ClCompile>
    <ClCompile Include="src\misc\utils.cpp">
      <Filter>src\misc</Filter>
    </ClCompile>
    <ClCompile Include="src\models\accountlistmodel.cpp">
      <Filter>src\models</Filter>
    </ClCompile>
    <ClCompile Include="src\models\bannedlistmodel.cpp">
      <Filter>src\models</Filter>
    </ClCompile>
    <ClCompile Include="src\models\smartlistmodel.cpp">
      <Filter>src\models</Filter>
    </ClCompile>
    <ClCompile Include="src\misc\splashscreen.cpp">
      <Filter>src\misc</Filter>
    </ClCompile>
    <ClCompile Include="src\dialogs\popupdialog.cpp">
      <Filter>src\dialogs</Filter>
    </ClCompile>
    <ClCompile Include="src\mainwindow\collapsiblepasswordwidget.cpp">
      <Filter>src\mainwindow</Filter>
    </ClCompile>
    <ClCompile Include="src\mainwindow\recordoverlay.cpp">
      <Filter>src\mainwindow</Filter>
    </ClCompile>
    <ClCompile Include="src\mainwindow\recordwidget.cpp">
      <Filter>src\mainwindow</Filter>
    </ClCompile>
    <ClCompile Include="src\misc\animationhelpers.cpp">
      <Filter>src\misc</Filter>
    </ClCompile>
    <ClCompile Include="src\misc\section.cpp">
      <Filter>src\misc</Filter>
    </ClCompile>
    <ClCompile Include="src\misc\widgethelpers.cpp">
      <Filter>src\misc</Filter>
    </ClCompile>
  </ItemGroup>
  <ItemGroup>
    <ResourceCompile Include="resources\ico.rc">
      <Filter>resources</Filter>
    </ResourceCompile>
  </ItemGroup>
  <ItemGroup>
    <QtRcc Include="resources\ressources.qrc">
      <Filter>resources</Filter>
    </QtRcc>
  </ItemGroup>
  <ItemGroup>
    <None Include="resources\stylesheet.css">
      <Filter>resources</Filter>
    </None>
    <None Include="resources\images\default_avatar_overlay.svg">
      <Filter>resources\images</Filter>
    </None>
    <None Include="resources\images\icons\baseline-camera_alt-24px.svg">
      <Filter>resources\images\icons</Filter>
    </None>
    <None Include="resources\images\icons\baseline-close-24px.svg">
      <Filter>resources\images\icons</Filter>
    </None>
    <None Include="resources\images\icons\baseline-desktop_windows-24px.svg">
      <Filter>resources\images\icons</Filter>
    </None>
    <None Include="resources\images\icons\baseline-done-24px.svg">
      <Filter>resources\images\icons</Filter>
    </None>
    <None Include="resources\images\icons\baseline-error_outline-24px.svg">
      <Filter>resources\images\icons</Filter>
    </None>
    <None Include="resources\images\icons\baseline-people-24px.svg">
      <Filter>resources\images\icons</Filter>
    </None>
    <None Include="resources\images\icons\baseline-refresh-24px.svg">
      <Filter>resources\images\icons</Filter>
    </None>
    <None Include="resources\images\icons\ic_arrow_back_24px.svg">
      <Filter>resources\images\icons</Filter>
    </None>
    <None Include="resources\images\icons\ic_baseline-search-24px.svg">
      <Filter>resources\images\icons</Filter>
    </None>
    <None Include="resources\images\icons\ic_block_24px.svg">
      <Filter>resources\images\icons</Filter>
    </None>
    <None Include="resources\images\icons\ic_clear_24px.svg">
      <Filter>resources\images\icons</Filter>
    </None>
    <None Include="resources\images\icons\ic_phone_24px.svg">
      <Filter>resources\images\icons</Filter>
    </None>
    <None Include="resources\images\icons\ic_send_24px.svg">
      <Filter>resources\images\icons</Filter>
    </None>
    <None Include="resources\images\icons\ic_video_call_24px.svg">
      <Filter>resources\images\icons</Filter>
    </None>
    <None Include="resources\images\icons\info-24px.svg">
      <Filter>resources\images\icons</Filter>
    </None>
    <None Include="resources\images\icons\outline-info-24px.svg">
      <Filter>resources\images\icons</Filter>
    </None>
    <None Include="resources\images\icons\round-add_a_photo-24px.svg">
      <Filter>resources\images\icons</Filter>
    </None>
    <None Include="resources\images\icons\round-add-24px.svg">
      <Filter>resources\images\icons</Filter>
    </None>
    <None Include="resources\images\icons\round-arrow_drop_down-24px.svg">
      <Filter>resources\images\icons</Filter>
    </None>
    <None Include="resources\images\icons\round-arrow_drop_up-24px.svg">
      <Filter>resources\images\icons</Filter>
    </None>
    <None Include="resources\images\icons\round-arrow_right-24px.svg">
      <Filter>resources\images\icons</Filter>
    </None>
    <None Include="resources\images\icons\round-check_circle-24px.svg">
      <Filter>resources\images\icons</Filter>
    </None>
    <None Include="resources\images\icons\round-close-24px.svg">
      <Filter>resources\images\icons</Filter>
    </None>
    <None Include="resources\images\icons\round-edit-24px.svg">
      <Filter>resources\images\icons</Filter>
    </None>
    <None Include="resources\images\icons\round-error-24px.svg">
      <Filter>resources\images\icons</Filter>
    </None>
    <None Include="resources\images\icons\round-folder-24px.svg">
      <Filter>resources\images\icons</Filter>
    </None>
    <None Include="resources\images\icons\round-remove_circle-24px.svg">
      <Filter>resources\images\icons</Filter>
    </None>
    <None Include="resources\images\icons\round-save_alt-24px.svg">
      <Filter>resources\images\icons</Filter>
    </None>
    <None Include="resources\images\icons\round-settings-24px.svg">
      <Filter>resources\images\icons</Filter>
    </None>
    <None Include="resources\images\icons\round-undo-24px.svg">
      <Filter>resources\images\icons</Filter>
    </None>
    <None Include="translations\ring_client_windows.qm">
      <Filter>translations</Filter>
    </None>
    <None Include="translations\ring_client_windows.ts">
      <Filter>translations</Filter>
    </None>
    <None Include="translations\ring_client_windows_ar.qm">
      <Filter>translations</Filter>
    </None>
    <None Include="translations\ring_client_windows_ar.ts">
      <Filter>translations</Filter>
    </None>
    <None Include="translations\ring_client_windows_bg.qm">
      <Filter>translations</Filter>
    </None>
    <None Include="translations\ring_client_windows_bg.ts">
      <Filter>translations</Filter>
    </None>
    <None Include="translations\ring_client_windows_ca.qm">
      <Filter>translations</Filter>
    </None>
    <None Include="translations\ring_client_windows_ca.ts">
      <Filter>translations</Filter>
    </None>
    <None Include="translations\ring_client_windows_cs_CZ.qm">
      <Filter>translations</Filter>
    </None>
    <None Include="translations\ring_client_windows_cs_CZ.ts">
      <Filter>translations</Filter>
    </None>
    <None Include="translations\ring_client_windows_da.qm">
      <Filter>translations</Filter>
    </None>
    <None Include="translations\ring_client_windows_da.ts">
      <Filter>translations</Filter>
    </None>
    <None Include="translations\ring_client_windows_da_DK.qm">
      <Filter>translations</Filter>
    </None>
    <None Include="translations\ring_client_windows_da_DK.ts">
      <Filter>translations</Filter>
    </None>
    <None Include="translations\ring_client_windows_de.qm">
      <Filter>translations</Filter>
    </None>
    <None Include="translations\ring_client_windows_de.ts">
      <Filter>translations</Filter>
    </None>
    <None Include="translations\ring_client_windows_de_DE.qm">
      <Filter>translations</Filter>
    </None>
    <None Include="translations\ring_client_windows_de_DE.ts">
      <Filter>translations</Filter>
    </None>
    <None Include="translations\ring_client_windows_el.qm">
      <Filter>translations</Filter>
    </None>
    <None Include="translations\ring_client_windows_el.ts">
      <Filter>translations</Filter>
    </None>
    <None Include="translations\ring_client_windows_en_GB.qm">
      <Filter>translations</Filter>
    </None>
    <None Include="translations\ring_client_windows_en_GB.ts">
      <Filter>translations</Filter>
    </None>
    <None Include="translations\ring_client_windows_eo.qm">
      <Filter>translations</Filter>
    </None>
    <None Include="translations\ring_client_windows_eo.ts">
      <Filter>translations</Filter>
    </None>
    <None Include="translations\ring_client_windows_es.qm">
      <Filter>translations</Filter>
    </None>
    <None Include="translations\ring_client_windows_es.ts">
      <Filter>translations</Filter>
    </None>
    <None Include="translations\ring_client_windows_es_AR.qm">
      <Filter>translations</Filter>
    </None>
    <None Include="translations\ring_client_windows_es_AR.ts">
      <Filter>translations</Filter>
    </None>
    <None Include="translations\ring_client_windows_et_EE.qm">
      <Filter>translations</Filter>
    </None>
    <None Include="translations\ring_client_windows_et_EE.ts">
      <Filter>translations</Filter>
    </None>
    <None Include="translations\ring_client_windows_eu.qm">
      <Filter>translations</Filter>
    </None>
    <None Include="translations\ring_client_windows_eu.ts">
      <Filter>translations</Filter>
    </None>
    <None Include="translations\ring_client_windows_fa_IR.qm">
      <Filter>translations</Filter>
    </None>
    <None Include="translations\ring_client_windows_fa_IR.ts">
      <Filter>translations</Filter>
    </None>
    <None Include="translations\ring_client_windows_fi.qm">
      <Filter>translations</Filter>
    </None>
    <None Include="translations\ring_client_windows_fi.ts">
      <Filter>translations</Filter>
    </None>
    <None Include="translations\ring_client_windows_fr.qm">
      <Filter>translations</Filter>
    </None>
    <None Include="translations\ring_client_windows_fr.ts">
      <Filter>translations</Filter>
    </None>
    <None Include="translations\ring_client_windows_fr_BE.qm">
      <Filter>translations</Filter>
    </None>
    <None Include="translations\ring_client_windows_fr_BE.ts">
      <Filter>translations</Filter>
    </None>
    <None Include="translations\ring_client_windows_fr_CA.qm">
      <Filter>translations</Filter>
    </None>
    <None Include="translations\ring_client_windows_fr_CA.ts">
      <Filter>translations</Filter>
    </None>
    <None Include="translations\ring_client_windows_fr_CH.qm">
      <Filter>translations</Filter>
    </None>
    <None Include="translations\ring_client_windows_fr_CH.ts">
      <Filter>translations</Filter>
    </None>
    <None Include="translations\ring_client_windows_fr_FR.qm">
      <Filter>translations</Filter>
    </None>
    <None Include="translations\ring_client_windows_fr_FR.ts">
      <Filter>translations</Filter>
    </None>
    <None Include="translations\ring_client_windows_he.qm">
      <Filter>translations</Filter>
    </None>
    <None Include="translations\ring_client_windows_he.ts">
      <Filter>translations</Filter>
    </None>
    <None Include="translations\ring_client_windows_hi_IN.qm">
      <Filter>translations</Filter>
    </None>
    <None Include="translations\ring_client_windows_hi_IN.ts">
      <Filter>translations</Filter>
    </None>
    <None Include="translations\ring_client_windows_hr.qm">
      <Filter>translations</Filter>
    </None>
    <None Include="translations\ring_client_windows_hr.ts">
      <Filter>translations</Filter>
    </None>
    <None Include="translations\ring_client_windows_hu.qm">
      <Filter>translations</Filter>
    </None>
    <None Include="translations\ring_client_windows_hu.ts">
      <Filter>translations</Filter>
    </None>
    <None Include="translations\ring_client_windows_id.qm">
      <Filter>translations</Filter>
    </None>
    <None Include="translations\ring_client_windows_id.ts">
      <Filter>translations</Filter>
    </None>
    <None Include="translations\ring_client_windows_it.qm">
      <Filter>translations</Filter>
    </None>
    <None Include="translations\ring_client_windows_it.ts">
      <Filter>translations</Filter>
    </None>
    <None Include="translations\ring_client_windows_it_IT.qm">
      <Filter>translations</Filter>
    </None>
    <None Include="translations\ring_client_windows_it_IT.ts">
      <Filter>translations</Filter>
    </None>
    <None Include="translations\ring_client_windows_ja.qm">
      <Filter>translations</Filter>
    </None>
    <None Include="translations\ring_client_windows_ja.ts">
      <Filter>translations</Filter>
    </None>
    <None Include="translations\ring_client_windows_ko_KR.qm">
      <Filter>translations</Filter>
    </None>
    <None Include="translations\ring_client_windows_ko_KR.ts">
      <Filter>translations</Filter>
    </None>
    <None Include="translations\ring_client_windows_lt.qm">
      <Filter>translations</Filter>
    </None>
    <None Include="translations\ring_client_windows_lt.ts">
      <Filter>translations</Filter>
    </None>
    <None Include="translations\ring_client_windows_ms.qm">
      <Filter>translations</Filter>
    </None>
    <None Include="translations\ring_client_windows_ms.ts">
      <Filter>translations</Filter>
    </None>
    <None Include="translations\ring_client_windows_nb.qm">
      <Filter>translations</Filter>
    </None>
    <None Include="translations\ring_client_windows_nb.ts">
      <Filter>translations</Filter>
    </None>
    <None Include="translations\ring_client_windows_nb_NO.qm">
      <Filter>translations</Filter>
    </None>
    <None Include="translations\ring_client_windows_nb_NO.ts">
      <Filter>translations</Filter>
    </None>
    <None Include="translations\ring_client_windows_nl.qm">
      <Filter>translations</Filter>
    </None>
    <None Include="translations\ring_client_windows_nl.ts">
      <Filter>translations</Filter>
    </None>
    <None Include="translations\ring_client_windows_nl_BE.qm">
      <Filter>translations</Filter>
    </None>
    <None Include="translations\ring_client_windows_nl_BE.ts">
      <Filter>translations</Filter>
    </None>
    <None Include="translations\ring_client_windows_nl_NL.qm">
      <Filter>translations</Filter>
    </None>
    <None Include="translations\ring_client_windows_nl_NL.ts">
      <Filter>translations</Filter>
    </None>
    <None Include="translations\ring_client_windows_pa.qm">
      <Filter>translations</Filter>
    </None>
    <None Include="translations\ring_client_windows_pa.ts">
      <Filter>translations</Filter>
    </None>
    <None Include="translations\ring_client_windows_pl.qm">
      <Filter>translations</Filter>
    </None>
    <None Include="translations\ring_client_windows_pl.ts">
      <Filter>translations</Filter>
    </None>
    <None Include="translations\ring_client_windows_pl_PL.qm">
      <Filter>translations</Filter>
    </None>
    <None Include="translations\ring_client_windows_pl_PL.ts">
      <Filter>translations</Filter>
    </None>
    <None Include="translations\ring_client_windows_pt.qm">
      <Filter>translations</Filter>
    </None>
    <None Include="translations\ring_client_windows_pt.ts">
      <Filter>translations</Filter>
    </None>
    <None Include="translations\ring_client_windows_pt_BR.qm">
      <Filter>translations</Filter>
    </None>
    <None Include="translations\ring_client_windows_pt_BR.ts">
      <Filter>translations</Filter>
    </None>
    <None Include="translations\ring_client_windows_pt_PT.qm">
      <Filter>translations</Filter>
    </None>
    <None Include="translations\ring_client_windows_pt_PT.ts">
      <Filter>translations</Filter>
    </None>
    <None Include="translations\ring_client_windows_ro.qm">
      <Filter>translations</Filter>
    </None>
    <None Include="translations\ring_client_windows_ro.ts">
      <Filter>translations</Filter>
    </None>
    <None Include="translations\ring_client_windows_ru.qm">
      <Filter>translations</Filter>
    </None>
    <None Include="translations\ring_client_windows_ru.ts">
      <Filter>translations</Filter>
    </None>
    <None Include="translations\ring_client_windows_ru_RU.qm">
      <Filter>translations</Filter>
    </None>
    <None Include="translations\ring_client_windows_ru_RU.ts">
      <Filter>translations</Filter>
    </None>
    <None Include="translations\ring_client_windows_sk_SK.qm">
      <Filter>translations</Filter>
    </None>
    <None Include="translations\ring_client_windows_sk_SK.ts">
      <Filter>translations</Filter>
    </None>
    <None Include="translations\ring_client_windows_sl.qm">
      <Filter>translations</Filter>
    </None>
    <None Include="translations\ring_client_windows_sl.ts">
      <Filter>translations</Filter>
    </None>
    <None Include="translations\ring_client_windows_sq_AL.qm">
      <Filter>translations</Filter>
    </None>
    <None Include="translations\ring_client_windows_sq_AL.ts">
      <Filter>translations</Filter>
    </None>
    <None Include="translations\ring_client_windows_sv.qm">
      <Filter>translations</Filter>
    </None>
    <None Include="translations\ring_client_windows_sv.ts">
      <Filter>translations</Filter>
    </None>
    <None Include="translations\ring_client_windows_tr.qm">
      <Filter>translations</Filter>
    </None>
    <None Include="translations\ring_client_windows_tr.ts">
      <Filter>translations</Filter>
    </None>
    <None Include="translations\ring_client_windows_uk.qm">
      <Filter>translations</Filter>
    </None>
    <None Include="translations\ring_client_windows_uk.ts">
      <Filter>translations</Filter>
    </None>
    <None Include="translations\ring_client_windows_zh.qm">
      <Filter>translations</Filter>
    </None>
    <None Include="translations\ring_client_windows_zh.ts">
      <Filter>translations</Filter>
    </None>
    <None Include="translations\ring_client_windows_zh_CN.qm">
      <Filter>translations</Filter>
    </None>
    <None Include="translations\ring_client_windows_zh_CN.ts">
      <Filter>translations</Filter>
    </None>
    <None Include="translations\ring_client_windows_zh_TW.qm">
      <Filter>translations</Filter>
    </None>
    <None Include="translations\ring_client_windows_zh_TW.ts">
      <Filter>translations</Filter>
    </None>
    <None Include="resources\images\icons\av_icons\delete-24px.svg">
      <Filter>resources\images\icons\av_icons</Filter>
    </None>
    <None Include="resources\images\icons\av_icons\fiber_manual_record-24px.svg">
      <Filter>resources\images\icons\av_icons</Filter>
    </None>
    <None Include="resources\images\icons\av_icons\pause-24px.svg">
      <Filter>resources\images\icons\av_icons</Filter>
    </None>
    <None Include="resources\images\icons\av_icons\play_circle_outline-24px.svg">
      <Filter>resources\images\icons\av_icons</Filter>
    </None>
    <None Include="resources\images\icons\av_icons\re-record-24px.svg">
      <Filter>resources\images\icons\av_icons</Filter>
    </None>
    <None Include="resources\images\icons\av_icons\send-24px.svg">
      <Filter>resources\images\icons\av_icons</Filter>
    </None>
    <None Include="resources\images\icons\av_icons\stop-24px.svg">
      <Filter>resources\images\icons\av_icons</Filter>
    </None>
    <None Include="resources\images\icons\av_icons\stop-24px-red.svg">
      <Filter>resources\images\icons\av_icons</Filter>
    </None>
  </ItemGroup>
  <ItemGroup>
    <Image Include="resources\images\ajax-loader.gif">
      <Filter>resources\images</Filter>
    </Image>
    <Image Include="resources\images\jami.ico">
      <Filter>resources\images</Filter>
    </Image>
    <Image Include="resources\images\jami.png">
      <Filter>resources\images</Filter>
    </Image>
    <Image Include="resources\images\jami_eclipse_spinner.gif">
      <Filter>resources\images</Filter>
    </Image>
    <Image Include="resources\images\jami_rolling_spinner.gif">
      <Filter>resources\images</Filter>
    </Image>
    <Image Include="resources\images\logo-jami-standard-coul.png">
      <Filter>resources\images</Filter>
    </Image>
    <Image Include="resources\images\qrcode.png">
      <Filter>resources\images</Filter>
    </Image>
    <Image Include="resources\images\spike.png">
      <Filter>resources\images</Filter>
    </Image>
    <Image Include="resources\images\waiting.gif">
      <Filter>resources\images</Filter>
    </Image>
    <Image Include="resources\images\icons\ic_add_black_18dp_2x.png">
      <Filter>resources\images\icons</Filter>
    </Image>
    <Image Include="resources\images\icons\ic_arrow_back_white_24dp.png">
      <Filter>resources\images\icons</Filter>
    </Image>
    <Image Include="resources\images\icons\ic_arrow_drop_down_black_9dp_2x.png">
      <Filter>resources\images\icons</Filter>
    </Image>
    <Image Include="resources\images\icons\ic_arrow_drop_down_black_18dp_2x.png">
      <Filter>resources\images\icons</Filter>
    </Image>
    <Image Include="resources\images\icons\ic_arrow_drop_up_black_9dp_2x.png">
      <Filter>resources\images\icons</Filter>
    </Image>
    <Image Include="resources\images\icons\ic_arrow_drop_up_black_18dp_2x.png">
      <Filter>resources\images\icons</Filter>
    </Image>
    <Image Include="resources\images\icons\ic_arrow_forward_white_48dp_2x.png">
      <Filter>resources\images\icons</Filter>
    </Image>
    <Image Include="resources\images\icons\ic_arrow_tab_next_black_9dp_2x.png">
      <Filter>resources\images\icons</Filter>
    </Image>
    <Image Include="resources\images\icons\ic_arrow_tab_previous_black_9dp_2x.png">
      <Filter>resources\images\icons</Filter>
    </Image>
    <Image Include="resources\images\icons\ic_call_transfer_white_24px.png">
      <Filter>resources\images\icons</Filter>
    </Image>
    <Image Include="resources\images\icons\ic_chat_black_24dp_2x.png">
      <Filter>resources\images\icons</Filter>
    </Image>
    <Image Include="resources\images\icons\ic_chat_white_24dp.png">
      <Filter>resources\images\icons</Filter>
    </Image>
    <Image Include="resources\images\icons\ic_check_white_18dp_2x.png">
      <Filter>resources\images\icons</Filter>
    </Image>
    <Image Include="resources\images\icons\ic_close_white_24dp.png">
      <Filter>resources\images\icons</Filter>
    </Image>
    <Image Include="resources\images\icons\ic_content_copy_white_24dp.png">
      <Filter>resources\images\icons</Filter>
    </Image>
    <Image Include="resources\images\icons\ic_delete_black_18dp_2x.png">
      <Filter>resources\images\icons</Filter>
    </Image>
    <Image Include="resources\images\icons\ic_done_white_24dp.png">
      <Filter>resources\images\icons</Filter>
    </Image>
    <Image Include="resources\images\icons\ic_folder_black_18dp_2x.png">
      <Filter>resources\images\icons</Filter>
    </Image>
    <Image Include="resources\images\icons\ic_group_add_white_24dp.png">
      <Filter>resources\images\icons</Filter>
    </Image>
    <Image Include="resources\images\icons\ic_hide_password.png">
      <Filter>resources\images\icons</Filter>
    </Image>
    <Image Include="resources\images\icons\ic_high_quality_white_24dp.png">
      <Filter>resources\images\icons</Filter>
    </Image>
    <Image Include="resources\images\icons\ic_mic_off_white_24dp.png">
      <Filter>resources\images\icons</Filter>
    </Image>
    <Image Include="resources\images\icons\ic_mic_white_24dp.png">
      <Filter>resources\images\icons</Filter>
    </Image>
    <Image Include="resources\images\icons\ic_pause_white_24dp.png">
      <Filter>resources\images\icons</Filter>
    </Image>
    <Image Include="resources\images\icons\ic_pause_white_100px.png">
      <Filter>resources\images\icons</Filter>
    </Image>
    <Image Include="resources\images\icons\ic_person_add_black_24dp_2x.png">
      <Filter>resources\images\icons</Filter>
    </Image>
    <Image Include="resources\images\icons\ic_person_add_white_24dp.png">
      <Filter>resources\images\icons</Filter>
    </Image>
    <Image Include="resources\images\icons\ic_photo_camera_white_24dp_2x.png">
      <Filter>resources\images\icons</Filter>
    </Image>
    <Image Include="resources\images\icons\ic_play_white_24dp.png">
      <Filter>resources\images\icons</Filter>
    </Image>
    <Image Include="resources\images\icons\ic_send_white_24dp.png">
      <Filter>resources\images\icons</Filter>
    </Image>
    <Image Include="resources\images\icons\ic_settings_white_48dp_2x.png">
      <Filter>resources\images\icons</Filter>
    </Image>
    <Image Include="resources\images\icons\ic_share_black_48dp_2x.png">
      <Filter>resources\images\icons</Filter>
    </Image>
    <Image Include="resources\images\icons\ic_show_password.png">
      <Filter>resources\images\icons</Filter>
    </Image>
    <Image Include="resources\images\icons\ic_videocam_off_white_24dp.png">
      <Filter>resources\images\icons</Filter>
    </Image>
    <Image Include="resources\images\icons\ic_videocam_white.png">
      <Filter>resources\images\icons</Filter>
    </Image>
    <Image Include="resources\images\icons\ic_voicemail_black_24dp_2x_.png">
      <Filter>resources\images\icons</Filter>
    </Image>
    <Image Include="resources\images\icons\ic_voicemail_white_24dp_2x.png">
      <Filter>resources\images\icons</Filter>
    </Image>
    <Image Include="resources\images\icons\icon-keypad-24.png">
      <Filter>resources\images\icons</Filter>
    </Image>
    <Image Include="resources\images\icons\icon-keypad-24-2x.png">
      <Filter>resources\images\icons</Filter>
    </Image>
  </ItemGroup>
  <ItemGroup>
    <Font Include="resources\images\FontAwesome.otf">
      <Filter>resources\images</Filter>
    </Font>
  </ItemGroup>
  <ItemGroup>
    <QtMoc Include="src\bridging\lrcinstance.h">
      <Filter>src\bridging</Filter>
    </QtMoc>
    <QtMoc Include="src\bridging\rendermanager.h">
      <Filter>src\bridging</Filter>
    </QtMoc>
    <QtMoc Include="src\delegates\accountitemdelegate.h">
      <Filter>src\delegates</Filter>
    </QtMoc>
    <QtMoc Include="src\delegates\contactpickeritemdelegate.h">
      <Filter>src\delegates</Filter>
    </QtMoc>
    <QtMoc Include="src\delegates\conversationitemdelegate.h">
      <Filter>src\delegates</Filter>
    </QtMoc>
    <QtMoc Include="src\mainwindow\advancedsettingswidget.h">
      <Filter>src\mainwindow</Filter>
    </QtMoc>
    <QtMoc Include="src\mainwindow\advancedsipsettingwidget.h">
      <Filter>src\mainwindow</Filter>
    </QtMoc>
    <QtMoc Include="src\mainwindow\banneditemwidget.h">
      <Filter>src\mainwindow</Filter>
    </QtMoc>
    <QtMoc Include="src\mainwindow\bezierconnectorwidget.h">
      <Filter>src\mainwindow</Filter>
    </QtMoc>
    <QtMoc Include="src\mainwindow\callaudioonlyavataroverlay.h">
      <Filter>src\mainwindow</Filter>
    </QtMoc>
    <QtMoc Include="src\mainwindow\callwidget.h">
      <Filter>src\mainwindow</Filter>
    </QtMoc>
    <QtMoc Include="src\mainwindow\conversationsfilterwidget.h">
      <Filter>src\mainwindow</Filter>
    </QtMoc>
    <QtMoc Include="src\mainwindow\currentaccountcombobox.h">
      <Filter>src\mainwindow</Filter>
    </QtMoc>
    <QtMoc Include="src\mainwindow\deviceitemwidget.h">
      <Filter>src\mainwindow</Filter>
    </QtMoc>
    <QtMoc Include="src\mainwindow\distantwidget.h">
      <Filter>src\mainwindow</Filter>
    </QtMoc>
    <QtMoc Include="src\mainwindow\iconbutton.h">
      <Filter>src\mainwindow</Filter>
    </QtMoc>
    <QtMoc Include="src\mainwindow\idlabel.h">
      <Filter>src\mainwindow</Filter>
    </QtMoc>
    <QtMoc Include="src\mainwindow\invitebuttonswidget.h">
      <Filter>src\mainwindow</Filter>
    </QtMoc>
    <QtMoc Include="src\mainwindow\levelmeter.h">
      <Filter>src\mainwindow</Filter>
    </QtMoc>
    <QtMoc Include="src\mainwindow\mainwindow.h">
      <Filter>src\mainwindow</Filter>
    </QtMoc>
    <QtMoc Include="src\mainwindow\messagewebpage.h">
      <Filter>src\mainwindow</Filter>
    </QtMoc>
    <QtMoc Include="src\mainwindow\messagewebview.h">
      <Filter>src\mainwindow</Filter>
    </QtMoc>
    <QtMoc Include="src\mainwindow\navwidget.h">
      <Filter>src\mainwindow</Filter>
    </QtMoc>
    <QtMoc Include="src\mainwindow\newwizardwidget.h">
      <Filter>src\mainwindow</Filter>
    </QtMoc>
    <QtMoc Include="src\mainwindow\notifypushbutton.h">
      <Filter>src\mainwindow</Filter>
    </QtMoc>
    <QtMoc Include="src\mainwindow\overlaybutton.h">
      <Filter>src\mainwindow</Filter>
    </QtMoc>
    <QtMoc Include="src\mainwindow\photoboothwidget.h">
      <Filter>src\mainwindow</Filter>
    </QtMoc>
    <QtMoc Include="src\mainwindow\previewwidget.h">
      <Filter>src\mainwindow</Filter>
    </QtMoc>
    <QtMoc Include="src\mainwindow\ringbutton.h">
      <Filter>src\mainwindow</Filter>
    </QtMoc>
    <QtMoc Include="src\mainwindow\ringcontactlineedit.h">
      <Filter>src\mainwindow</Filter>
    </QtMoc>
    <QtMoc Include="src\mainwindow\selectareadialog.h">
      <Filter>src\mainwindow</Filter>
    </QtMoc>
    <QtMoc Include="src\mainwindow\settingswidget.h">
      <Filter>src\mainwindow</Filter>
    </QtMoc>
    <QtMoc Include="src\mainwindow\sipinputpanel.h">
      <Filter>src\mainwindow</Filter>
    </QtMoc>
    <QtMoc Include="src\mainwindow\smartlistselectorbuttonnotifier.h">
      <Filter>src\mainwindow</Filter>
    </QtMoc>
    <QtMoc Include="src\mainwindow\smartlistview.h">
      <Filter>src\mainwindow</Filter>
    </QtMoc>
    <QtMoc Include="src\mainwindow\toggleswitch.h">
      <Filter>src\mainwindow</Filter>
    </QtMoc>
    <QtMoc Include="src\mainwindow\videooverlay.h">
      <Filter>src\mainwindow</Filter>
    </QtMoc>
    <QtMoc Include="src\mainwindow\videoview.h">
      <Filter>src\mainwindow</Filter>
    </QtMoc>
    <QtMoc Include="src\mainwindow\videowidgetbase.h">
      <Filter>src\mainwindow</Filter>
    </QtMoc>
    <QtMoc Include="src\dialogs\aboutdialog.h">
      <Filter>src\dialogs</Filter>
    </QtMoc>
    <QtMoc Include="src\dialogs\accountmigrationdialog.h">
      <Filter>src\dialogs</Filter>
    </QtMoc>
    <QtMoc Include="src\dialogs\contactpicker.h">
      <Filter>src\dialogs</Filter>
    </QtMoc>
    <QtMoc Include="src\dialogs\deleteaccountdialog.h">
      <Filter>src\dialogs</Filter>
    </QtMoc>
    <QtMoc Include="src\dialogs\linkdevicedialog.h">
      <Filter>src\dialogs</Filter>
    </QtMoc>
    <QtMoc Include="src\dialogs\nameregistrationdialog.h">
      <Filter>src\dialogs</Filter>
    </QtMoc>
    <QtMoc Include="src\dialogs\passworddialog.h">
      <Filter>src\dialogs</Filter>
    </QtMoc>
    <QtMoc Include="src\dialogs\updateconfirmdialog.h">
      <Filter>src\dialogs</Filter>
    </QtMoc>
    <QtMoc Include="src\dialogs\updatedownloaddialog.h">
      <Filter>src\dialogs</Filter>
    </QtMoc>
    <QtMoc Include="src\misc\connectivitymonitor.h">
      <Filter>src\misc</Filter>
    </QtMoc>
    <QtMoc Include="src\misc\globalsystemtray.h">
      <Filter>src\misc</Filter>
    </QtMoc>
    <QtMoc Include="src\misc\networkmanager.h">
      <Filter>src\misc</Filter>
    </QtMoc>
    <QtMoc Include="src\misc\runguard.h">
      <Filter>src\misc</Filter>
    </QtMoc>
    <QtMoc Include="src\models\accountlistmodel.h">
      <Filter>src\models</Filter>
    </QtMoc>
    <QtMoc Include="src\models\bannedlistmodel.h">
      <Filter>src\models</Filter>
    </QtMoc>
    <QtMoc Include="src\models\smartlistmodel.h">
      <Filter>src\models</Filter>
    </QtMoc>
    <QtMoc Include="src\misc\splashscreen.h">
      <Filter>src\misc</Filter>
    </QtMoc>
    <QtMoc Include="src\dialogs\popupdialog.h">
      <Filter>src\dialogs</Filter>
    </QtMoc>
    <QtMoc Include="src\mainwindow\collapsiblepasswordwidget.h">
      <Filter>src\mainwindow</Filter>
    </QtMoc>
    <QtMoc Include="src\mainwindow\recordwidget.h">
      <Filter>src\mainwindow</Filter>
    </QtMoc>
    <QtMoc Include="src\misc\animationhelpers.h">
      <Filter>src\misc</Filter>
    </QtMoc>
    <QtMoc Include="src\misc\section.h">
      <Filter>src\misc</Filter>
    </QtMoc>
    <QtMoc Include="src\misc\widgethelpers.h">
      <Filter>src\misc</Filter>
    </QtMoc>
    <QtMoc Include="src\mainwindow\recordoverlay.h">
      <Filter>src\mainwindow</Filter>
    </QtMoc>
  </ItemGroup>
  <ItemGroup>
    <ClInclude Include="src\mainwindow\settingskey.h">
      <Filter>src\mainwindow</Filter>
    </ClInclude>
    <ClInclude Include="src\mainwindow\webchathelpers.h">
      <Filter>src\mainwindow</Filter>
    </ClInclude>
    <ClInclude Include="src\misc\pixbufmanipulator.h">
      <Filter>src\misc</Filter>
    </ClInclude>
    <ClInclude Include="src\misc\ringthemeutils.h">
      <Filter>src\misc</Filter>
    </ClInclude>
    <ClInclude Include="src\misc\utils.h">
      <Filter>src\misc</Filter>
    </ClInclude>
    <ClInclude Include="src\misc\version.h">
      <Filter>src\misc</Filter>
    </ClInclude>
    <ClInclude Include="GeneratedFiles\ui_aboutdialog.h">
      <Filter>generated_files</Filter>
    </ClInclude>
    <ClInclude Include="GeneratedFiles\ui_accountdetails.h">
      <Filter>generated_files</Filter>
    </ClInclude>
    <ClInclude Include="GeneratedFiles\ui_accountmigration.h">
      <Filter>generated_files</Filter>
    </ClInclude>
    <ClInclude Include="GeneratedFiles\ui_advancedsettingswidget.h">
      <Filter>generated_files</Filter>
    </ClInclude>
    <ClInclude Include="GeneratedFiles\ui_advancedsipsettingwidget.h">
      <Filter>generated_files</Filter>
    </ClInclude>
    <ClInclude Include="GeneratedFiles\ui_animatedoverlay.h">
      <Filter>generated_files</Filter>
    </ClInclude>
    <ClInclude Include="GeneratedFiles\ui_banneditemwidget.h">
      <Filter>generated_files</Filter>
    </ClInclude>
    <ClInclude Include="GeneratedFiles\ui_callaudioonlyavataroverlay.h">
      <Filter>generated_files</Filter>
    </ClInclude>
    <ClInclude Include="GeneratedFiles\ui_callwidget.h">
      <Filter>generated_files</Filter>
    </ClInclude>
    <ClInclude Include="GeneratedFiles\ui_contactpicker.h">
      <Filter>generated_files</Filter>
    </ClInclude>
    <ClInclude Include="GeneratedFiles\ui_deleteaccountdialog.h">
      <Filter>generated_files</Filter>
    </ClInclude>
    <ClInclude Include="GeneratedFiles\ui_deviceitemwidget.h">
      <Filter>generated_files</Filter>
    </ClInclude>
    <ClInclude Include="GeneratedFiles\ui_invitebuttonswidget.h">
      <Filter>generated_files</Filter>
    </ClInclude>
    <ClInclude Include="GeneratedFiles\ui_linkdevicedialog.h">
      <Filter>generated_files</Filter>
    </ClInclude>
    <ClInclude Include="GeneratedFiles\ui_mainwindow.h">
      <Filter>generated_files</Filter>
    </ClInclude>
    <ClInclude Include="GeneratedFiles\ui_nameregistrationdialog.h">
      <Filter>generated_files</Filter>
    </ClInclude>
    <ClInclude Include="GeneratedFiles\ui_newwizardwidget.h">
      <Filter>generated_files</Filter>
    </ClInclude>
    <ClInclude Include="GeneratedFiles\ui_passworddialog.h">
      <Filter>generated_files</Filter>
    </ClInclude>
    <ClInclude Include="GeneratedFiles\ui_photoboothwidget.h">
      <Filter>generated_files</Filter>
    </ClInclude>
    <ClInclude Include="GeneratedFiles\ui_ringbutton.h">
      <Filter>generated_files</Filter>
    </ClInclude>
    <ClInclude Include="GeneratedFiles\ui_settingswidget.h">
      <Filter>generated_files</Filter>
    </ClInclude>
    <ClInclude Include="GeneratedFiles\ui_sipkeypad.h">
      <Filter>generated_files</Filter>
    </ClInclude>
    <ClInclude Include="GeneratedFiles\ui_updateconfirmdialog.h">
      <Filter>generated_files</Filter>
    </ClInclude>
    <ClInclude Include="GeneratedFiles\ui_updatedownloaddialog.h">
      <Filter>generated_files</Filter>
    </ClInclude>
    <ClInclude Include="GeneratedFiles\ui_videooverlay.h">
      <Filter>generated_files</Filter>
    </ClInclude>
    <ClInclude Include="GeneratedFiles\ui_videoview.h">
      <Filter>generated_files</Filter>
    </ClInclude>
  </ItemGroup>
  <ItemGroup>
    <QtUic Include="src\ui\aboutdialog.ui">
      <Filter>src\ui</Filter>
    </QtUic>
    <QtUic Include="src\ui\accountdetails.ui">
      <Filter>src\ui</Filter>
    </QtUic>
    <QtUic Include="src\ui\accountmigration.ui">
      <Filter>src\ui</Filter>
    </QtUic>
    <QtUic Include="src\ui\advancedsettingswidget.ui">
      <Filter>src\ui</Filter>
    </QtUic>
    <QtUic Include="src\ui\advancedsipsettingwidget.ui">
      <Filter>src\ui</Filter>
    </QtUic>
    <QtUic Include="src\ui\animatedoverlay.ui">
      <Filter>src\ui</Filter>
    </QtUic>
    <QtUic Include="src\ui\banneditemwidget.ui">
      <Filter>src\ui</Filter>
    </QtUic>
    <QtUic Include="src\ui\callaudioonlyavataroverlay.ui">
      <Filter>src\ui</Filter>
    </QtUic>
    <QtUic Include="src\ui\callwidget.ui">
      <Filter>src\ui</Filter>
    </QtUic>
    <QtUic Include="src\ui\contactpicker.ui">
      <Filter>src\ui</Filter>
    </QtUic>
    <QtUic Include="src\ui\deleteaccountdialog.ui">
      <Filter>src\ui</Filter>
    </QtUic>
    <QtUic Include="src\ui\deviceitemwidget.ui">
      <Filter>src\ui</Filter>
    </QtUic>
    <QtUic Include="src\ui\invitebuttonswidget.ui">
      <Filter>src\ui</Filter>
    </QtUic>
    <QtUic Include="src\ui\linkdevicedialog.ui">
      <Filter>src\ui</Filter>
    </QtUic>
    <QtUic Include="src\ui\mainwindow.ui">
      <Filter>src\ui</Filter>
    </QtUic>
    <QtUic Include="src\ui\nameregistrationdialog.ui">
      <Filter>src\ui</Filter>
    </QtUic>
    <QtUic Include="src\ui\newwizardwidget.ui">
      <Filter>src\ui</Filter>
    </QtUic>
    <QtUic Include="src\ui\passworddialog.ui">
      <Filter>src\ui</Filter>
    </QtUic>
    <QtUic Include="src\ui\photoboothwidget.ui">
      <Filter>src\ui</Filter>
    </QtUic>
    <QtUic Include="src\ui\ringbutton.ui">
      <Filter>src\ui</Filter>
    </QtUic>
    <QtUic Include="src\ui\settingswidget.ui">
      <Filter>src\ui</Filter>
    </QtUic>
    <QtUic Include="src\ui\sipkeypad.ui">
      <Filter>src\ui</Filter>
    </QtUic>
    <QtUic Include="src\ui\updateconfirmdialog.ui">
      <Filter>src\ui</Filter>
    </QtUic>
    <QtUic Include="src\ui\updatedownloaddialog.ui">
      <Filter>src\ui</Filter>
    </QtUic>
    <QtUic Include="src\ui\videooverlay.ui">
      <Filter>src\ui</Filter>
    </QtUic>
    <QtUic Include="src\ui\videoview.ui">
      <Filter>src\ui</Filter>
    </QtUic>
    <QtUic Include="src\ui\collapsiblepasswordwidget.ui">
      <Filter>src\ui</Filter>
    </QtUic>
    <QtUic Include="src\ui\popupdialog.ui">
      <Filter>src\ui</Filter>
    </QtUic>
    <QtUic Include="src\ui\recordoverlay.ui">
      <Filter>src\ui</Filter>
    </QtUic>
    <QtUic Include="src\ui\recordwidget.ui">
      <Filter>src\ui</Filter>
    </QtUic>
    <QtUic Include="src\ui\section.ui">
      <Filter>src\ui</Filter>
    </QtUic>
  </ItemGroup>
</Project>