<?xml version="1.0" encoding="utf-8"?>
<Project xmlns="http://schemas.microsoft.com/developer/msbuild/2003">
  <ItemGroup>
    <Filter Include="Form Files">
      <UniqueIdentifier>{99349809-55BA-4b9d-BF79-8FDBB0286EB3}</UniqueIdentifier>
      <Extensions>ui</Extensions>
      <ParseFiles>false</ParseFiles>
    </Filter>
    <Filter Include="Form Files">
      <UniqueIdentifier>{99349809-55BA-4b9d-BF79-8FDBB0286EB3}</UniqueIdentifier>
      <Extensions>ui</Extensions>
      <ParseFiles>false</ParseFiles>
    </Filter>
    <Filter Include="Generated Files">
      <UniqueIdentifier>{71ED8ED8-ACB9-4CE9-BBE1-E00B30144E11}</UniqueIdentifier>
      <Extensions>cpp;c;cxx;moc;h;def;odl;idl;res;</Extensions>
    </Filter>
    <Filter Include="Generated Files">
      <UniqueIdentifier>{71ED8ED8-ACB9-4CE9-BBE1-E00B30144E11}</UniqueIdentifier>
      <Extensions>cpp;c;cxx;moc;h;def;odl;idl;res;</Extensions>
    </Filter>
    <Filter Include="Header Files">
      <UniqueIdentifier>{93995380-89BD-4b04-88EB-625FBE52EBFB}</UniqueIdentifier>
      <Extensions>h;hpp;hxx;hm;inl;inc;xsd</Extensions>
    </Filter>
    <Filter Include="Header Files">
      <UniqueIdentifier>{93995380-89BD-4b04-88EB-625FBE52EBFB}</UniqueIdentifier>
      <Extensions>h;hpp;hxx;hm;inl;inc;xsd</Extensions>
    </Filter>
    <Filter Include="Resource Files">
      <UniqueIdentifier>{D9D6E242-F8AF-46E4-B9FD-80ECBC20BA3E}</UniqueIdentifier>
      <Extensions>qrc;*</Extensions>
      <ParseFiles>false</ParseFiles>
    </Filter>
    <Filter Include="Resource Files">
      <UniqueIdentifier>{D9D6E242-F8AF-46E4-B9FD-80ECBC20BA3E}</UniqueIdentifier>
      <Extensions>qrc;*</Extensions>
      <ParseFiles>false</ParseFiles>
    </Filter>
    <Filter Include="Source Files">
      <UniqueIdentifier>{4FC737F1-C7A5-4376-A066-2A32D752A2FF}</UniqueIdentifier>
      <Extensions>cpp;c;cxx;def;odl;idl;hpj;bat;asm;asmx</Extensions>
    </Filter>
    <Filter Include="Source Files">
      <UniqueIdentifier>{4FC737F1-C7A5-4376-A066-2A32D752A2FF}</UniqueIdentifier>
      <Extensions>cpp;c;cxx;def;odl;idl;hpj;bat;asm;asmx</Extensions>
    </Filter>
    <Filter Include="Translation Files">
      <UniqueIdentifier>{639EADAA-A684-42e4-A9AD-28FC9BCB8F7C}</UniqueIdentifier>
      <Extensions>ts;xlf</Extensions>
      <ParseFiles>false</ParseFiles>
    </Filter>
    <Filter Include="Translation Files">
      <UniqueIdentifier>{639EADAA-A684-42e4-A9AD-28FC9BCB8F7C}</UniqueIdentifier>
      <Extensions>ts;xlf</Extensions>
      <ParseFiles>false</ParseFiles>
    </Filter>
    <Filter Include="Resource Files\web">
      <UniqueIdentifier>{faf8f8a4-eb67-49df-a082-2fd64189e62c}</UniqueIdentifier>
    </Filter>
  </ItemGroup>
  <ItemGroup>
    <ClCompile Include="accountlistmodel.cpp">
      <Filter>Source Files</Filter>
    </ClCompile>
    <ClCompile Include="src\widgethelpers.cpp">
      <Filter>Source Files</Filter>
    </ClCompile>
    <ClCompile Include="src\webchathelpers.cpp">
      <Filter>Source Files</Filter>
    </ClCompile>
    <ClCompile Include="src\videowidgetbase.cpp">
      <Filter>Source Files</Filter>
    </ClCompile>
    <ClCompile Include="src\videoview.cpp">
      <Filter>Source Files</Filter>
    </ClCompile>
    <ClCompile Include="src\videooverlay.cpp">
      <Filter>Source Files</Filter>
    </ClCompile>
    <ClCompile Include="src\utils.cpp">
      <Filter>Source Files</Filter>
    </ClCompile>
    <ClCompile Include="src\updatedownloaddialog.cpp">
      <Filter>Source Files</Filter>
    </ClCompile>
    <ClCompile Include="src\updateconfirmdialog.cpp">
      <Filter>Source Files</Filter>
    </ClCompile>
    <ClCompile Include="src\toggleswitch.cpp">
      <Filter>Source Files</Filter>
    </ClCompile>
    <ClCompile Include="src\smartlistview.cpp">
      <Filter>Source Files</Filter>
    </ClCompile>
    <ClCompile Include="src\smartlistselectorbuttonnotifier.cpp">
      <Filter>Source Files</Filter>
    </ClCompile>
    <ClCompile Include="src\smartlistmodel.cpp">
      <Filter>Source Files</Filter>
    </ClCompile>
    <ClCompile Include="src\sipinputpanel.cpp">
      <Filter>Source Files</Filter>
    </ClCompile>
    <ClCompile Include="src\settingswidget.cpp">
      <Filter>Source Files</Filter>
    </ClCompile>
    <ClCompile Include="src\selectareadialog.cpp">
      <Filter>Source Files</Filter>
    </ClCompile>
    <ClCompile Include="src\section.cpp">
      <Filter>Source Files</Filter>
    </ClCompile>
    <ClCompile Include="src\runguard.cpp">
      <Filter>Source Files</Filter>
    </ClCompile>
    <ClCompile Include="src\ringcontactlineedit.cpp">
      <Filter>Source Files</Filter>
    </ClCompile>
    <ClCompile Include="src\ringbutton.cpp">
      <Filter>Source Files</Filter>
    </ClCompile>
    <ClCompile Include="src\rendermanager.cpp">
      <Filter>Source Files</Filter>
    </ClCompile>
    <ClCompile Include="src\recordwidget.cpp">
      <Filter>Source Files</Filter>
    </ClCompile>
    <ClCompile Include="src\recordoverlay.cpp">
      <Filter>Source Files</Filter>
    </ClCompile>
    <ClCompile Include="src\previewwidget.cpp">
      <Filter>Source Files</Filter>
    </ClCompile>
    <ClCompile Include="src\popupdialog.cpp">
      <Filter>Source Files</Filter>
    </ClCompile>
    <ClCompile Include="src\pixbufmanipulator.cpp">
      <Filter>Source Files</Filter>
    </ClCompile>
    <ClCompile Include="src\photoboothwidget.cpp">
      <Filter>Source Files</Filter>
    </ClCompile>
    <ClCompile Include="src\passworddialog.cpp">
      <Filter>Source Files</Filter>
    </ClCompile>
    <ClCompile Include="src\overlaybutton.cpp">
      <Filter>Source Files</Filter>
    </ClCompile>
    <ClCompile Include="src\notifypushbutton.cpp">
      <Filter>Source Files</Filter>
    </ClCompile>
    <ClCompile Include="src\newwizardwidget.cpp">
      <Filter>Source Files</Filter>
    </ClCompile>
    <ClCompile Include="src\networkmanager.cpp">
      <Filter>Source Files</Filter>
    </ClCompile>
    <ClCompile Include="src\navwidget.cpp">
      <Filter>Source Files</Filter>
    </ClCompile>
    <ClCompile Include="src\nameregistrationdialog.cpp">
      <Filter>Source Files</Filter>
    </ClCompile>
    <ClCompile Include="src\messagewebview.cpp">
      <Filter>Source Files</Filter>
    </ClCompile>
    <ClCompile Include="src\messagewebpage.cpp">
      <Filter>Source Files</Filter>
    </ClCompile>
    <ClCompile Include="src\mainwindow.cpp">
      <Filter>Source Files</Filter>
    </ClCompile>
    <ClCompile Include="src\main.cpp">
      <Filter>Source Files</Filter>
    </ClCompile>
    <ClCompile Include="src\linkdevicedialog.cpp">
      <Filter>Source Files</Filter>
    </ClCompile>
    <ClCompile Include="src\levelmeter.cpp">
      <Filter>Source Files</Filter>
    </ClCompile>
    <ClCompile Include="src\invitebuttonswidget.cpp">
      <Filter>Source Files</Filter>
    </ClCompile>
    <ClCompile Include="src\idlabel.cpp">
      <Filter>Source Files</Filter>
    </ClCompile>
    <ClCompile Include="src\iconbutton.cpp">
      <Filter>Source Files</Filter>
    </ClCompile>
    <ClCompile Include="src\globalsystemtray.cpp">
      <Filter>Source Files</Filter>
    </ClCompile>
    <ClCompile Include="src\distantwidget.cpp">
      <Filter>Source Files</Filter>
    </ClCompile>
    <ClCompile Include="src\deviceitemwidget.cpp">
      <Filter>Source Files</Filter>
    </ClCompile>
    <ClCompile Include="src\deleteaccountdialog.cpp">
      <Filter>Source Files</Filter>
    </ClCompile>
    <ClCompile Include="src\currentaccountcombobox.cpp">
      <Filter>Source Files</Filter>
    </ClCompile>
    <ClCompile Include="src\conversationsfilterwidget.cpp">
      <Filter>Source Files</Filter>
    </ClCompile>
    <ClCompile Include="src\conversationitemdelegate.cpp">
      <Filter>Source Files</Filter>
    </ClCompile>
    <ClCompile Include="src\contactpickeritemdelegate.cpp">
      <Filter>Source Files</Filter>
    </ClCompile>
    <ClCompile Include="src\contactpicker.cpp">
      <Filter>Source Files</Filter>
    </ClCompile>
    <ClCompile Include="src\connectivitymonitor.cpp">
      <Filter>Source Files</Filter>
    </ClCompile>
    <ClCompile Include="src\collapsiblepasswordwidget.cpp">
      <Filter>Source Files</Filter>
    </ClCompile>
    <ClCompile Include="src\changelogscrollwidget.cpp">
      <Filter>Source Files</Filter>
    </ClCompile>
    <ClCompile Include="src\callwidget.cpp">
      <Filter>Source Files</Filter>
    </ClCompile>
    <ClCompile Include="src\callaudioonlyavataroverlay.cpp">
      <Filter>Source Files</Filter>
    </ClCompile>
    <ClCompile Include="src\bezierconnectorwidget.cpp">
      <Filter>Source Files</Filter>
    </ClCompile>
    <ClCompile Include="src\bannedlistmodel.cpp">
      <Filter>Source Files</Filter>
    </ClCompile>
    <ClCompile Include="src\banneditemwidget.cpp">
      <Filter>Source Files</Filter>
    </ClCompile>
    <ClCompile Include="src\animationhelpers.cpp">
      <Filter>Source Files</Filter>
    </ClCompile>
    <ClCompile Include="src\advancedsipsettingwidget.cpp">
      <Filter>Source Files</Filter>
    </ClCompile>
    <ClCompile Include="src\advancedsettingswidget.cpp">
      <Filter>Source Files</Filter>
    </ClCompile>
    <ClCompile Include="src\accountmigrationdialog.cpp">
      <Filter>Source Files</Filter>
    </ClCompile>
    <ClCompile Include="src\accountlistmodel.cpp">
      <Filter>Source Files</Filter>
    </ClCompile>
    <ClCompile Include="src\accountitemdelegate.cpp">
      <Filter>Source Files</Filter>
    </ClCompile>
    <ClCompile Include="src\aboutdialog.cpp">
      <Filter>Source Files</Filter>
    </ClCompile>
    <ClCompile Include="src\splashscreen.cpp">
      <Filter>Source Files</Filter>
    </ClCompile>
  </ItemGroup>
  <ItemGroup>
    <QtMoc Include="src\widgethelpers.h">
      <Filter>Header Files</Filter>
    </QtMoc>
    <QtMoc Include="src\videowidgetbase.h">
      <Filter>Header Files</Filter>
    </QtMoc>
    <QtMoc Include="src\videoview.h">
      <Filter>Header Files</Filter>
    </QtMoc>
    <QtMoc Include="src\videooverlay.h">
      <Filter>Header Files</Filter>
    </QtMoc>
    <QtMoc Include="src\updatedownloaddialog.h">
      <Filter>Header Files</Filter>
    </QtMoc>
    <QtMoc Include="src\updateconfirmdialog.h">
      <Filter>Header Files</Filter>
    </QtMoc>
    <QtMoc Include="src\toggleswitch.h">
      <Filter>Header Files</Filter>
    </QtMoc>
    <QtMoc Include="src\smartlistview.h">
      <Filter>Header Files</Filter>
    </QtMoc>
    <QtMoc Include="src\smartlistselectorbuttonnotifier.h">
      <Filter>Header Files</Filter>
    </QtMoc>
    <QtMoc Include="src\smartlistmodel.h">
      <Filter>Header Files</Filter>
    </QtMoc>
    <QtMoc Include="src\sipinputpanel.h">
      <Filter>Header Files</Filter>
    </QtMoc>
    <QtMoc Include="src\settingswidget.h">
      <Filter>Header Files</Filter>
    </QtMoc>
    <QtMoc Include="src\selectareadialog.h">
      <Filter>Header Files</Filter>
    </QtMoc>
    <QtMoc Include="src\section.h">
      <Filter>Header Files</Filter>
    </QtMoc>
    <QtMoc Include="src\runguard.h">
      <Filter>Header Files</Filter>
    </QtMoc>
    <QtMoc Include="src\ringcontactlineedit.h">
      <Filter>Header Files</Filter>
    </QtMoc>
    <QtMoc Include="src\ringbutton.h">
      <Filter>Header Files</Filter>
    </QtMoc>
    <QtMoc Include="src\rendermanager.h">
      <Filter>Header Files</Filter>
    </QtMoc>
    <QtMoc Include="src\recordwidget.h">
      <Filter>Header Files</Filter>
    </QtMoc>
    <QtMoc Include="src\recordoverlay.h">
      <Filter>Header Files</Filter>
    </QtMoc>
    <QtMoc Include="src\previewwidget.h">
      <Filter>Header Files</Filter>
    </QtMoc>
    <QtMoc Include="src\popupdialog.h">
      <Filter>Header Files</Filter>
    </QtMoc>
    <QtMoc Include="src\photoboothwidget.h">
      <Filter>Header Files</Filter>
    </QtMoc>
    <QtMoc Include="src\passworddialog.h">
      <Filter>Header Files</Filter>
    </QtMoc>
    <QtMoc Include="src\overlaybutton.h">
      <Filter>Header Files</Filter>
    </QtMoc>
    <QtMoc Include="src\notifypushbutton.h">
      <Filter>Header Files</Filter>
    </QtMoc>
    <QtMoc Include="src\newwizardwidget.h">
      <Filter>Header Files</Filter>
    </QtMoc>
    <QtMoc Include="src\networkmanager.h">
      <Filter>Header Files</Filter>
    </QtMoc>
    <QtMoc Include="src\navwidget.h">
      <Filter>Header Files</Filter>
    </QtMoc>
    <QtMoc Include="src\nameregistrationdialog.h">
      <Filter>Header Files</Filter>
    </QtMoc>
    <QtMoc Include="src\messagewebview.h">
      <Filter>Header Files</Filter>
    </QtMoc>
    <QtMoc Include="src\messagewebpage.h">
      <Filter>Header Files</Filter>
    </QtMoc>
    <QtMoc Include="src\mainwindow.h">
      <Filter>Header Files</Filter>
    </QtMoc>
    <QtMoc Include="src\lrcinstance.h">
      <Filter>Header Files</Filter>
    </QtMoc>
    <QtMoc Include="src\linkdevicedialog.h">
      <Filter>Header Files</Filter>
    </QtMoc>
    <QtMoc Include="src\levelmeter.h">
      <Filter>Header Files</Filter>
    </QtMoc>
    <QtMoc Include="src\invitebuttonswidget.h">
      <Filter>Header Files</Filter>
    </QtMoc>
    <QtMoc Include="src\idlabel.h">
      <Filter>Header Files</Filter>
    </QtMoc>
    <QtMoc Include="src\iconbutton.h">
      <Filter>Header Files</Filter>
    </QtMoc>
    <QtMoc Include="src\globalsystemtray.h">
      <Filter>Header Files</Filter>
    </QtMoc>
    <QtMoc Include="src\distantwidget.h">
      <Filter>Header Files</Filter>
    </QtMoc>
    <QtMoc Include="src\deviceitemwidget.h">
      <Filter>Header Files</Filter>
    </QtMoc>
    <QtMoc Include="src\deleteaccountdialog.h">
      <Filter>Header Files</Filter>
    </QtMoc>
    <QtMoc Include="src\currentaccountcombobox.h">
      <Filter>Header Files</Filter>
    </QtMoc>
    <QtMoc Include="src\conversationsfilterwidget.h">
      <Filter>Header Files</Filter>
    </QtMoc>
    <QtMoc Include="src\conversationitemdelegate.h">
      <Filter>Header Files</Filter>
    </QtMoc>
    <QtMoc Include="src\contactpickeritemdelegate.h">
      <Filter>Header Files</Filter>
    </QtMoc>
    <QtMoc Include="src\contactpicker.h">
      <Filter>Header Files</Filter>
    </QtMoc>
    <QtMoc Include="src\connectivitymonitor.h">
      <Filter>Header Files</Filter>
    </QtMoc>
    <QtMoc Include="src\collapsiblepasswordwidget.h">
      <Filter>Header Files</Filter>
    </QtMoc>
    <QtMoc Include="src\changelogscrollwidget.h">
      <Filter>Header Files</Filter>
    </QtMoc>
    <QtMoc Include="src\callwidget.h">
      <Filter>Header Files</Filter>
    </QtMoc>
    <QtMoc Include="src\callaudioonlyavataroverlay.h">
      <Filter>Header Files</Filter>
    </QtMoc>
    <QtMoc Include="src\bezierconnectorwidget.h">
      <Filter>Header Files</Filter>
    </QtMoc>
    <QtMoc Include="src\bannedlistmodel.h">
      <Filter>Header Files</Filter>
    </QtMoc>
    <QtMoc Include="src\banneditemwidget.h">
      <Filter>Header Files</Filter>
    </QtMoc>
    <QtMoc Include="src\animationhelpers.h">
      <Filter>Header Files</Filter>
    </QtMoc>
    <QtMoc Include="src\advancedsipsettingwidget.h">
      <Filter>Header Files</Filter>
    </QtMoc>
    <QtMoc Include="src\advancedsettingswidget.h">
      <Filter>Header Files</Filter>
    </QtMoc>
    <QtMoc Include="src\accountmigrationdialog.h">
      <Filter>Header Files</Filter>
    </QtMoc>
    <QtMoc Include="src\accountlistmodel.h">
      <Filter>Header Files</Filter>
    </QtMoc>
    <QtMoc Include="src\accountitemdelegate.h">
      <Filter>Header Files</Filter>
    </QtMoc>
    <QtMoc Include="src\aboutdialog.h">
      <Filter>Header Files</Filter>
    </QtMoc>
    <QtMoc Include="src\splashscreen.h">
      <Filter>Header Files</Filter>
    </QtMoc>
  </ItemGroup>
  <ItemGroup>
    <CustomBuild Include="debug\moc_predefs.h.cbt">
      <Filter>Generated Files</Filter>
    </CustomBuild>
    <CustomBuild Include="release\moc_predefs.h.cbt">
      <Filter>Generated Files</Filter>
    </CustomBuild>
  </ItemGroup>
  <ItemGroup>
    <None Include="translations\ring_client_windows.ts">
      <Filter>Translation Files</Filter>
    </None>
    <None Include="translations\ring_client_windows_ar.ts">
      <Filter>Translation Files</Filter>
    </None>
    <None Include="translations\ring_client_windows_bg.ts">
      <Filter>Translation Files</Filter>
    </None>
    <None Include="translations\ring_client_windows_ca.ts">
      <Filter>Translation Files</Filter>
    </None>
    <None Include="translations\ring_client_windows_cs_CZ.ts">
      <Filter>Translation Files</Filter>
    </None>
    <None Include="translations\ring_client_windows_da_DK.ts">
      <Filter>Translation Files</Filter>
    </None>
    <None Include="translations\ring_client_windows_de.ts">
      <Filter>Translation Files</Filter>
    </None>
    <None Include="translations\ring_client_windows_de_DE.ts">
      <Filter>Translation Files</Filter>
    </None>
    <None Include="translations\ring_client_windows_el.ts">
      <Filter>Translation Files</Filter>
    </None>
    <None Include="translations\ring_client_windows_en_GB.ts">
      <Filter>Translation Files</Filter>
    </None>
    <None Include="translations\ring_client_windows_eo.ts">
      <Filter>Translation Files</Filter>
    </None>
    <None Include="translations\ring_client_windows_es.ts">
      <Filter>Translation Files</Filter>
    </None>
    <None Include="translations\ring_client_windows_es_AR.ts">
      <Filter>Translation Files</Filter>
    </None>
    <None Include="translations\ring_client_windows_et_EE.ts">
      <Filter>Translation Files</Filter>
    </None>
    <None Include="translations\ring_client_windows_eu.ts">
      <Filter>Translation Files</Filter>
    </None>
    <None Include="translations\ring_client_windows_fa_IR.ts">
      <Filter>Translation Files</Filter>
    </None>
    <None Include="translations\ring_client_windows_fi.ts">
      <Filter>Translation Files</Filter>
    </None>
    <None Include="translations\ring_client_windows_fr.ts">
      <Filter>Translation Files</Filter>
    </None>
    <None Include="translations\ring_client_windows_fr_CA.ts">
      <Filter>Translation Files</Filter>
    </None>
    <None Include="translations\ring_client_windows_fr_FR.ts">
      <Filter>Translation Files</Filter>
    </None>
    <None Include="translations\ring_client_windows_he.ts">
      <Filter>Translation Files</Filter>
    </None>
    <None Include="translations\ring_client_windows_hi_IN.ts">
      <Filter>Translation Files</Filter>
    </None>
    <None Include="translations\ring_client_windows_hr.ts">
      <Filter>Translation Files</Filter>
    </None>
    <None Include="translations\ring_client_windows_hu.ts">
      <Filter>Translation Files</Filter>
    </None>
    <None Include="translations\ring_client_windows_id.ts">
      <Filter>Translation Files</Filter>
    </None>
    <None Include="translations\ring_client_windows_it.ts">
      <Filter>Translation Files</Filter>
    </None>
    <None Include="translations\ring_client_windows_it_IT.ts">
      <Filter>Translation Files</Filter>
    </None>
    <None Include="translations\ring_client_windows_ja.ts">
      <Filter>Translation Files</Filter>
    </None>
    <None Include="translations\ring_client_windows_ko_KR.ts">
      <Filter>Translation Files</Filter>
    </None>
    <None Include="translations\ring_client_windows_lt.ts">
      <Filter>Translation Files</Filter>
    </None>
    <None Include="translations\ring_client_windows_ms.ts">
      <Filter>Translation Files</Filter>
    </None>
    <None Include="translations\ring_client_windows_nb.ts">
      <Filter>Translation Files</Filter>
    </None>
    <None Include="translations\ring_client_windows_nl.ts">
      <Filter>Translation Files</Filter>
    </None>
    <None Include="translations\ring_client_windows_nl_BE.ts">
      <Filter>Translation Files</Filter>
    </None>
    <None Include="translations\ring_client_windows_nl_NL.ts">
      <Filter>Translation Files</Filter>
    </None>
    <None Include="translations\ring_client_windows_pa.ts">
      <Filter>Translation Files</Filter>
    </None>
    <None Include="translations\ring_client_windows_pl.ts">
      <Filter>Translation Files</Filter>
    </None>
    <None Include="translations\ring_client_windows_pl_PL.ts">
      <Filter>Translation Files</Filter>
    </None>
    <None Include="translations\ring_client_windows_pt.ts">
      <Filter>Translation Files</Filter>
    </None>
    <None Include="translations\ring_client_windows_pt_BR.ts">
      <Filter>Translation Files</Filter>
    </None>
    <None Include="translations\ring_client_windows_ro.ts">
      <Filter>Translation Files</Filter>
    </None>
    <None Include="translations\ring_client_windows_ru.ts">
      <Filter>Translation Files</Filter>
    </None>
    <None Include="translations\ring_client_windows_ru_RU.ts">
      <Filter>Translation Files</Filter>
    </None>
    <None Include="translations\ring_client_windows_sk_SK.ts">
      <Filter>Translation Files</Filter>
    </None>
    <None Include="translations\ring_client_windows_sl.ts">
      <Filter>Translation Files</Filter>
    </None>
    <None Include="translations\ring_client_windows_sq_AL.ts">
      <Filter>Translation Files</Filter>
    </None>
    <None Include="translations\ring_client_windows_sv.ts">
      <Filter>Translation Files</Filter>
    </None>
    <None Include="translations\ring_client_windows_tr.ts">
      <Filter>Translation Files</Filter>
    </None>
    <None Include="translations\ring_client_windows_uk.ts">
      <Filter>Translation Files</Filter>
    </None>
    <None Include="translations\ring_client_windows_zh.ts">
      <Filter>Translation Files</Filter>
    </None>
    <None Include="translations\ring_client_windows_zh_CN.ts">
      <Filter>Translation Files</Filter>
    </None>
    <None Include="translations\ring_client_windows_zh_TW.ts">
      <Filter>Translation Files</Filter>
    </None>
    <None Include="..\lrc\src\web-chatview\chatview.css">
      <Filter>Resource Files\web</Filter>
    </None>
    <None Include="..\lrc\src\web-chatview\chatview.html">
      <Filter>Resource Files\web</Filter>
    </None>
    <None Include="..\lrc\src\web-chatview\chatview.js">
      <Filter>Resource Files\web</Filter>
    </None>
    <None Include="..\lrc\src\web-chatview\chatview-windows.css">
      <Filter>Resource Files\web</Filter>
    </None>
    <None Include="..\lrc\src\web-chatview\linkify.js">
      <Filter>Resource Files\web</Filter>
    </None>
    <None Include="..\lrc\src\web-chatview\linkify-html.js">
      <Filter>Resource Files\web</Filter>
    </None>
    <None Include="..\lrc\src\web-chatview\linkify-string.js">
      <Filter>Resource Files\web</Filter>
    </None>
    <None Include="..\lrc\src\web-chatview\qwebchannel.js">
      <Filter>Resource Files\web</Filter>
    </None>
    <None Include="..\lrc\src\web-chatview\jed.js">
      <Filter>Resource Files\web</Filter>
    </None>
  </ItemGroup>
  <ItemGroup>
    <None Include="images\FontAwesome.otf">
      <Filter>Resource Files</Filter>
    </None>
    <None Include="images\background-dark.png">
      <Filter>Resource Files</Filter>
    </None>
    <None Include="images\background-light.png">
      <Filter>Resource Files</Filter>
    </None>
    <None Include="images\user\btn-default-userpic.svg">
      <Filter>Resource Files</Filter>
    </None>
    <None Include="images\icons\ic_add_black_18dp_2x.png">
      <Filter>Resource Files</Filter>
    </None>
    <None Include="images\icons\ic_arrow_back_white_24dp.png">
      <Filter>Resource Files</Filter>
    </None>
    <None Include="images\icons\ic_arrow_drop_down_black_18dp_2x.png">
      <Filter>Resource Files</Filter>
    </None>
    <None Include="images\icons\ic_arrow_drop_down_black_9dp_2x.png">
      <Filter>Resource Files</Filter>
    </None>
    <None Include="images\icons\ic_arrow_drop_up_black_18dp_2x.png">
      <Filter>Resource Files</Filter>
    </None>
    <None Include="images\icons\ic_arrow_drop_up_black_9dp_2x.png">
      <Filter>Resource Files</Filter>
    </None>
    <None Include="images\icons\ic_arrow_forward_white_48dp_2x.png">
      <Filter>Resource Files</Filter>
    </None>
    <None Include="images\icons\ic_arrow_tab_next_black_9dp_2x.png">
      <Filter>Resource Files</Filter>
    </None>
    <None Include="images\icons\ic_arrow_tab_previous_black_9dp_2x.png">
      <Filter>Resource Files</Filter>
    </None>
    <None Include="images\icons\ic_call_transfer_white_24px.png">
      <Filter>Resource Files</Filter>
    </None>
    <None Include="images\icons\ic_chat_black_24dp_2x.png">
      <Filter>Resource Files</Filter>
    </None>
    <None Include="images\icons\ic_chat_white_24dp.png">
      <Filter>Resource Files</Filter>
    </None>
    <None Include="images\icons\ic_check_white_18dp_2x.png">
      <Filter>Resource Files</Filter>
    </None>
    <None Include="images\icons\ic_close_white_24dp.png">
      <Filter>Resource Files</Filter>
    </None>
    <None Include="images\icons\ic_content_copy_white_24dp.png">
      <Filter>Resource Files</Filter>
    </None>
    <None Include="images\icons\ic_delete_black_18dp_2x.png">
      <Filter>Resource Files</Filter>
    </None>
    <None Include="images\icons\ic_done_white_24dp.png">
      <Filter>Resource Files</Filter>
    </None>
    <None Include="images\icons\ic_folder_black_18dp_2x.png">
      <Filter>Resource Files</Filter>
    </None>
    <None Include="images\icons\ic_group_add_white_24dp.png">
      <Filter>Resource Files</Filter>
    </None>
    <None Include="images\icons\ic_high_quality_white_24dp.png">
      <Filter>Resource Files</Filter>
    </None>
    <None Include="images\icons\ic_mic_off_white_24dp.png">
      <Filter>Resource Files</Filter>
    </None>
    <None Include="images\icons\ic_pause_white_100px.png">
      <Filter>Resource Files</Filter>
    </None>
    <None Include="images\icons\ic_pause_white_24dp.png">
      <Filter>Resource Files</Filter>
    </None>
    <None Include="images\icons\ic_person_add_black_24dp_2x.png">
      <Filter>Resource Files</Filter>
    </None>
    <None Include="images\icons\ic_person_add_white_24dp.png">
      <Filter>Resource Files</Filter>
    </None>
    <None Include="images\icons\ic_photo_camera_white_24dp_2x.png">
      <Filter>Resource Files</Filter>
    </None>
    <None Include="images\icons\ic_search_black_18dp_2x.png">
      <Filter>Resource Files</Filter>
    </None>
    <None Include="images\icons\ic_send_white_24dp.png">
      <Filter>Resource Files</Filter>
    </None>
    <None Include="images\icons\ic_settings_white_48dp_2x.png">
      <Filter>Resource Files</Filter>
    </None>
    <None Include="images\icons\ic_share_black_48dp_2x.png">
      <Filter>Resource Files</Filter>
    </None>
    <None Include="images\icons\ic_videocam_off_white_24dp.png">
      <Filter>Resource Files</Filter>
    </None>
    <None Include="images\icons\ic_videocam_white.png">
      <Filter>Resource Files</Filter>
    </None>
    <None Include="images\icons\ic_voicemail_white_24dp_2x.png">
      <Filter>Resource Files</Filter>
    </None>
    <None Include="images\loading.gif">
      <Filter>Resource Files</Filter>
    </None>
    <None Include="images\logo-jami-standard-coul.png">
      <Filter>Resource Files</Filter>
    </None>
    <None Include="images\qrcode.png">
      <Filter>Resource Files</Filter>
    </None>
    <QtRcc Include="ressources.qrc">
      <Filter>Resource Files</Filter>
    </QtRcc>
    <None Include="images\jami.png">
      <Filter>Resource Files</Filter>
    </None>
    <None Include="images\spikeMask.png">
      <Filter>Resource Files</Filter>
    </None>
    <None Include="stylesheet.css">
      <Filter>Resource Files</Filter>
    </None>
    <None Include="images\waiting.gif">
      <Filter>Resource Files</Filter>
    </None>
  </ItemGroup>
  <ItemGroup>
    <ResourceCompile Include="ico.rc" />
  </ItemGroup>
  <ItemGroup>
    <Image Include="images\icons\ic_mic_white_24dp.png">
      <Filter>Resource Files</Filter>
    </Image>
    <Image Include="images\icons\ic_play_white_24dp.png">
      <Filter>Resource Files</Filter>
    </Image>
    <Image Include="images\icons\icon-keypad-24-2x.png">
      <Filter>Resource Files</Filter>
    </Image>
  </ItemGroup>
  <ItemGroup>
    <ClInclude Include="src\webchathelpers.h">
      <Filter>Header Files</Filter>
    </ClInclude>
    <ClInclude Include="src\version.h">
      <Filter>Header Files</Filter>
    </ClInclude>
    <ClInclude Include="src\utils.h">
      <Filter>Header Files</Filter>
    </ClInclude>
    <ClInclude Include="src\settingskey.h">
      <Filter>Header Files</Filter>
    </ClInclude>
    <ClInclude Include="src\ringthemeutils.h">
      <Filter>Header Files</Filter>
    </ClInclude>
    <ClInclude Include="src\pixbufmanipulator.h">
      <Filter>Header Files</Filter>
    </ClInclude>
  </ItemGroup>
  <ItemGroup>
    <QtUic Include="src\sipkeypad.ui">
      <Filter>Form Files</Filter>
    </QtUic>
    <QtUic Include="src\ringbutton.ui">
      <Filter>Form Files</Filter>
    </QtUic>
    <QtUic Include="src\recordoverlay.ui">
      <Filter>Form Files</Filter>
    </QtUic>
    <QtUic Include="src\popupdialog.ui">
      <Filter>Form Files</Filter>
    </QtUic>
    <QtUic Include="src\photoboothwidget.ui">
      <Filter>Form Files</Filter>
    </QtUic>
    <QtUic Include="src\newwizardwidget.ui">
      <Filter>Form Files</Filter>
    </QtUic>
    <QtUic Include="src\invitebuttonswidget.ui">
      <Filter>Form Files</Filter>
    </QtUic>
    <QtUic Include="src\deviceitemwidget.ui">
      <Filter>Form Files</Filter>
    </QtUic>
    <QtUic Include="src\changelogscrollwidget.ui">
      <Filter>Form Files</Filter>
    </QtUic>
    <QtUic Include="src\callwidget.ui">
      <Filter>Form Files</Filter>
    </QtUic>
    <QtUic Include="src\callaudioonlyavataroverlay.ui">
      <Filter>Form Files</Filter>
    </QtUic>
    <QtUic Include="src\banneditemwidget.ui">
      <Filter>Form Files</Filter>
    </QtUic>
    <QtUic Include="src\advancedsipsettingwidget.ui">
      <Filter>Form Files</Filter>
    </QtUic>
    <QtUic Include="src\accountmigration.ui">
      <Filter>Form Files</Filter>
    </QtUic>
    <QtUic Include="src\settingswidget.ui">
      <Filter>Form Files</Filter>
    </QtUic>
    <QtUic Include="src\mainwindow.ui">
      <Filter>Form Files</Filter>
    </QtUic>
    <QtUic Include="src\aboutdialog.ui">
      <Filter>Form Files</Filter>
    </QtUic>
    <QtUic Include="src\videooverlay.ui">
      <Filter>Form Files</Filter>
    </QtUic>
    <QtUic Include="src\videoview.ui">
      <Filter>Form Files</Filter>
    </QtUic>
    <QtUic Include="src\updatedownloaddialog.ui">
      <Filter>Form Files</Filter>
    </QtUic>
    <QtUic Include="src\updateconfirmdialog.ui">
      <Filter>Form Files</Filter>
    </QtUic>
    <QtUic Include="src\section.ui">
      <Filter>Form Files</Filter>
    </QtUic>
    <QtUic Include="src\recordwidget.ui">
      <Filter>Form Files</Filter>
    </QtUic>
    <QtUic Include="src\passworddialog.ui">
      <Filter>Form Files</Filter>
    </QtUic>
    <QtUic Include="src\nameregistrationdialog.ui">
      <Filter>Form Files</Filter>
    </QtUic>
    <QtUic Include="src\linkdevicedialog.ui">
      <Filter>Form Files</Filter>
    </QtUic>
    <QtUic Include="src\deleteaccountdialog.ui">
      <Filter>Form Files</Filter>
    </QtUic>
    <QtUic Include="src\contactpicker.ui">
      <Filter>Form Files</Filter>
    </QtUic>
    <QtUic Include="src\collapsiblepasswordwidget.ui">
      <Filter>Form Files</Filter>
    </QtUic>
    <QtUic Include="src\animatedoverlay.ui">
      <Filter>Form Files</Filter>
    </QtUic>
    <QtUic Include="src\advancedsettingswidget.ui">
      <Filter>Form Files</Filter>
    </QtUic>
  </ItemGroup>
</Project>